PODS:
  - Introspect (0.2.3)
  - Kingfisher (7.1.1)
  - lottie-ios (3.3.0)
  - Macaw (0.9.7):
    - SWXMLHash
  - SVGView (1.0.4)
  - SwiftUIPager (2.3.1)
  - SWXMLHash (7.0.0)

DEPENDENCIES:
  - Introspect
  - Kingfisher (~> 7.0)
  - lottie-ios
  - Macaw (= 0.9.7)
  - SVGView
  - SwiftUIPager

SPEC REPOS:
  trunk:
    - Introspect
    - Kingfisher
    - lottie-ios
    - Macaw
    - SVGView
    - SwiftUIPager
    - SWXMLHash

SPEC CHECKSUMS:
  Introspect: 6917895ed34004271bc8d75a75db6c07839fa971
  Kingfisher: f738f9c4a3415823b8e2985d10aa2d6a9f37bc4d
  lottie-ios: 6ac74dcc09904798f59b18cb3075c089d76be9ae
  Macaw: 4a931baf9a9826b06d0d8ecf300014c962ab9d50
  SVGView: 4813b73e85fcea6c7ff92720cf1e778c48d0f0db
  SwiftUIPager: 273cbaec55a03784d5fbec30f57d8b8974e60450
  SWXMLHash: cf8682ebf12f124e77554d6a5f9170830626d99e

PODFILE CHECKSUM: 3d47346ea148c3d03128e6d17903e9a2fc3670a7

COCOAPODS: 1.11.2
