// !$*UTF8*$!
{
	archiveVersion = 1;
	classes = {
	};
	objectVersion = 55;
	objects = {

/* Begin PBXBuildFile section */
		073E92853C1A2A88BF467C2D /* Pods_Upgrad_Living.framework in Frameworks */ = {isa = PBXBuildFile; fileRef = 42FC69D1BCE0EB9CB9343A47 /* Pods_Upgrad_Living.framework */; };
		0931A90629D7ED6B00F6A209 /* SubmitParentModel.swift in Sources */ = {isa = PBXBuildFile; fileRef = 0931A90529D7ED6B00F6A209 /* SubmitParentModel.swift */; };
		0931A90829D7EE7700F6A209 /* SubmitParentViewModel.swift in Sources */ = {isa = PBXBuildFile; fileRef = 0931A90729D7EE7700F6A209 /* SubmitParentViewModel.swift */; };
		0931A90A29D7F67000F6A209 /* SubmitEnrollmentModel.swift in Sources */ = {isa = PBXBuildFile; fileRef = 0931A90929D7F67000F6A209 /* SubmitEnrollmentModel.swift */; };
		0931A90C29D7F69D00F6A209 /* SubmitEnrollmentViewModel.swift in Sources */ = {isa = PBXBuildFile; fileRef = 0931A90B29D7F69D00F6A209 /* SubmitEnrollmentViewModel.swift */; };
		0931A90E29D7FBBF00F6A209 /* MedicalTextEditor.swift in Sources */ = {isa = PBXBuildFile; fileRef = 0931A90D29D7FBBF00F6A209 /* MedicalTextEditor.swift */; };
		0934F12D29CC3DD70076AD56 /* OTPView.swift in Sources */ = {isa = PBXBuildFile; fileRef = 0934F12C29CC3DD70076AD56 /* OTPView.swift */; };
		0934F12F29CC57AE0076AD56 /* OTPViewModel.swift in Sources */ = {isa = PBXBuildFile; fileRef = 0934F12E29CC57AE0076AD56 /* OTPViewModel.swift */; };
		0934F13129CC581C0076AD56 /* OTPViewTextField.swift in Sources */ = {isa = PBXBuildFile; fileRef = 0934F13029CC581C0076AD56 /* OTPViewTextField.swift */; };
		093BB15529DAE91D0019C91F /* PaymentMethod6Month.swift in Sources */ = {isa = PBXBuildFile; fileRef = 093BB15429DAE91D0019C91F /* PaymentMethod6Month.swift */; };
		093BB15829DAEB530019C91F /* PaymentMethod11Month.swift in Sources */ = {isa = PBXBuildFile; fileRef = 093BB15729DAEB530019C91F /* PaymentMethod11Month.swift */; };
		0945E26A29CD8C3D00F9EA4E /* WalkThrough2.swift in Sources */ = {isa = PBXBuildFile; fileRef = 0945E26929CD8C3D00F9EA4E /* WalkThrough2.swift */; };
		0945E26C29CD9F1400F9EA4E /* WalkThrough3.swift in Sources */ = {isa = PBXBuildFile; fileRef = 0945E26B29CD9F1400F9EA4E /* WalkThrough3.swift */; };
		095AD00729DAEF9F000CABA8 /* SubmitRoomTypeModel.swift in Sources */ = {isa = PBXBuildFile; fileRef = 095AD00629DAEF9F000CABA8 /* SubmitRoomTypeModel.swift */; };
		095AD00929DAF01E000CABA8 /* SubmitRoomTypeViewModel.swift in Sources */ = {isa = PBXBuildFile; fileRef = 095AD00829DAF01E000CABA8 /* SubmitRoomTypeViewModel.swift */; };
		096A3FE029CC255E00092AAC /* LoginTopView.swift in Sources */ = {isa = PBXBuildFile; fileRef = 096A3FDF29CC255E00092AAC /* LoginTopView.swift */; };
		096A3FE229CC259B00092AAC /* LoginView.swift in Sources */ = {isa = PBXBuildFile; fileRef = 096A3FE129CC259B00092AAC /* LoginView.swift */; };
		096A3FF129CC2A5500092AAC /* OpenSans-Light.ttf in Resources */ = {isa = PBXBuildFile; fileRef = 096A3FE529CC2A5300092AAC /* OpenSans-Light.ttf */; };
		096A3FF229CC2A5500092AAC /* OpenSans-Bold.ttf in Resources */ = {isa = PBXBuildFile; fileRef = 096A3FE629CC2A5300092AAC /* OpenSans-Bold.ttf */; };
		096A3FF329CC2A5500092AAC /* OpenSans-ExtraBoldItalic.ttf in Resources */ = {isa = PBXBuildFile; fileRef = 096A3FE729CC2A5300092AAC /* OpenSans-ExtraBoldItalic.ttf */; };
		096A3FF429CC2A5500092AAC /* OpenSans-SemiBold.ttf in Resources */ = {isa = PBXBuildFile; fileRef = 096A3FE829CC2A5300092AAC /* OpenSans-SemiBold.ttf */; };
		096A3FF529CC2A5500092AAC /* OpenSans-Medium.ttf in Resources */ = {isa = PBXBuildFile; fileRef = 096A3FE929CC2A5300092AAC /* OpenSans-Medium.ttf */; };
		096A3FF629CC2A5500092AAC /* OpenSans-MediumItalic.ttf in Resources */ = {isa = PBXBuildFile; fileRef = 096A3FEA29CC2A5400092AAC /* OpenSans-MediumItalic.ttf */; };
		096A3FF729CC2A5500092AAC /* OpenSans-SemiBoldItalic.ttf in Resources */ = {isa = PBXBuildFile; fileRef = 096A3FEB29CC2A5400092AAC /* OpenSans-SemiBoldItalic.ttf */; };
		096A3FF829CC2A5500092AAC /* OpenSans-Italic.ttf in Resources */ = {isa = PBXBuildFile; fileRef = 096A3FEC29CC2A5400092AAC /* OpenSans-Italic.ttf */; };
		096A3FF929CC2A5500092AAC /* OpenSans-ExtraBold.ttf in Resources */ = {isa = PBXBuildFile; fileRef = 096A3FED29CC2A5400092AAC /* OpenSans-ExtraBold.ttf */; };
		096A3FFA29CC2A5500092AAC /* OpenSans-BoldItalic.ttf in Resources */ = {isa = PBXBuildFile; fileRef = 096A3FEE29CC2A5500092AAC /* OpenSans-BoldItalic.ttf */; };
		096A3FFB29CC2A5500092AAC /* OpenSans-LightItalic.ttf in Resources */ = {isa = PBXBuildFile; fileRef = 096A3FEF29CC2A5500092AAC /* OpenSans-LightItalic.ttf */; };
		096A3FFC29CC2A5500092AAC /* OpenSans-Regular.ttf in Resources */ = {isa = PBXBuildFile; fileRef = 096A3FF029CC2A5500092AAC /* OpenSans-Regular.ttf */; };
		096A3FFE29CC2B0300092AAC /* FountsDefine.swift in Sources */ = {isa = PBXBuildFile; fileRef = 096A3FFD29CC2B0300092AAC /* FountsDefine.swift */; };
		096A400329CC2D5800092AAC /* HideKeyboard.swift in Sources */ = {isa = PBXBuildFile; fileRef = 096A3FFF29CC2D5700092AAC /* HideKeyboard.swift */; };
		096A400429CC2D5800092AAC /* HexColour.swift in Sources */ = {isa = PBXBuildFile; fileRef = 096A400029CC2D5700092AAC /* HexColour.swift */; };
		096A400529CC2D5800092AAC /* extention.swift in Sources */ = {isa = PBXBuildFile; fileRef = 096A400129CC2D5700092AAC /* extention.swift */; };
		096A400629CC2D5800092AAC /* customLodingIndicator.swift in Sources */ = {isa = PBXBuildFile; fileRef = 096A400229CC2D5800092AAC /* customLodingIndicator.swift */; };
		09768B0F29DD81B800CB05F5 /* StepModel.swift in Sources */ = {isa = PBXBuildFile; fileRef = 09768B0E29DD81B800CB05F5 /* StepModel.swift */; };
		09768B1129DD81EC00CB05F5 /* StepViewModel.swift in Sources */ = {isa = PBXBuildFile; fileRef = 09768B1029DD81EC00CB05F5 /* StepViewModel.swift */; };
		09768B1529DD846D00CB05F5 /* FirstView.swift in Sources */ = {isa = PBXBuildFile; fileRef = 09768B1429DD846D00CB05F5 /* FirstView.swift */; };
		0981D9B729DBFA650025575D /* GetFormModel.swift in Sources */ = {isa = PBXBuildFile; fileRef = 0981D9B629DBFA650025575D /* GetFormModel.swift */; };
		0981D9B929DBFBF50025575D /* GetFormViewModel.swift in Sources */ = {isa = PBXBuildFile; fileRef = 0981D9B829DBFBF50025575D /* GetFormViewModel.swift */; };
		0981D9BC29DC26BB0025575D /* SecurityDepositView.swift in Sources */ = {isa = PBXBuildFile; fileRef = 0981D9BB29DC26BA0025575D /* SecurityDepositView.swift */; };
		0981D9BE29DC273F0025575D /* SecurityDepositTopView.swift in Sources */ = {isa = PBXBuildFile; fileRef = 0981D9BD29DC273F0025575D /* SecurityDepositTopView.swift */; };
		0981D9C029DC2F3A0025575D /* SecurityDepositBottomView.swift in Sources */ = {isa = PBXBuildFile; fileRef = 0981D9BF29DC2F3A0025575D /* SecurityDepositBottomView.swift */; };
		0981D9C429DC345F0025575D /* SecurityDepositSuccess.swift in Sources */ = {isa = PBXBuildFile; fileRef = 0981D9C329DC345F0025575D /* SecurityDepositSuccess.swift */; };
		098A04D029D407C400C9595A /* StudentDetailsView.swift in Sources */ = {isa = PBXBuildFile; fileRef = 098A04CF29D407C400C9595A /* StudentDetailsView.swift */; };
		098A04D429D4111100C9595A /* DetailsViewTop.swift in Sources */ = {isa = PBXBuildFile; fileRef = 098A04D329D4111100C9595A /* DetailsViewTop.swift */; };
		098A04D829D42EC700C9595A /* MasterModel.swift in Sources */ = {isa = PBXBuildFile; fileRef = 098A04D729D42EC700C9595A /* MasterModel.swift */; };
		098A04DA29D42F3600C9595A /* MasterViewModel.swift in Sources */ = {isa = PBXBuildFile; fileRef = 098A04D929D42F3600C9595A /* MasterViewModel.swift */; };
		098A04DC29D4339500C9595A /* MaterialDesignTextEditor.swift in Sources */ = {isa = PBXBuildFile; fileRef = 098A04DB29D4339500C9595A /* MaterialDesignTextEditor.swift */; };
		098A04DE29D43BC300C9595A /* MaterialDesignTextFieldDOB.swift in Sources */ = {isa = PBXBuildFile; fileRef = 098A04DD29D43BC300C9595A /* MaterialDesignTextFieldDOB.swift */; };
		098A04E029D44FE400C9595A /* MaterialDesignTextEditorCountry.swift in Sources */ = {isa = PBXBuildFile; fileRef = 098A04DF29D44FE400C9595A /* MaterialDesignTextEditorCountry.swift */; };
		098A04E229D452F800C9595A /* CountryModel.swift in Sources */ = {isa = PBXBuildFile; fileRef = 098A04E129D452F800C9595A /* CountryModel.swift */; };
		098A04E429D4538200C9595A /* CountryViewModel.swift in Sources */ = {isa = PBXBuildFile; fileRef = 098A04E329D4538200C9595A /* CountryViewModel.swift */; };
		098A04E629D4617000C9595A /* DetailsViewBottom.swift in Sources */ = {isa = PBXBuildFile; fileRef = 098A04E529D4617000C9595A /* DetailsViewBottom.swift */; };
		098D698629CD58940000F5A9 /* Loading.json in Resources */ = {isa = PBXBuildFile; fileRef = 098D698529CD58940000F5A9 /* Loading.json */; };
		098D698929CD70230000F5A9 /* ContentViewModel.swift in Sources */ = {isa = PBXBuildFile; fileRef = 098D698829CD70230000F5A9 /* ContentViewModel.swift */; };
		098D698B29CD702C0000F5A9 /* MaterialDesignTextField.swift in Sources */ = {isa = PBXBuildFile; fileRef = 098D698A29CD702C0000F5A9 /* MaterialDesignTextField.swift */; };
		098D698D29CD70EF0000F5A9 /* AnimatableCustomFontModifier.swift in Sources */ = {isa = PBXBuildFile; fileRef = 098D698C29CD70EF0000F5A9 /* AnimatableCustomFontModifier.swift */; };
		098D699029CD770D0000F5A9 /* WalkThrough1.swift in Sources */ = {isa = PBXBuildFile; fileRef = 098D698F29CD770D0000F5A9 /* WalkThrough1.swift */; };
		0993226329D6939C0036C050 /* SearchBar.swift in Sources */ = {isa = PBXBuildFile; fileRef = 0993226229D6939C0036C050 /* SearchBar.swift */; };
		0993226529D6B37B0036C050 /* SchoolModel.swift in Sources */ = {isa = PBXBuildFile; fileRef = 0993226429D6B37B0036C050 /* SchoolModel.swift */; };
		0993226829D6B44B0036C050 /* SchoolViewModel.swift in Sources */ = {isa = PBXBuildFile; fileRef = 0993226729D6B44B0036C050 /* SchoolViewModel.swift */; };
		0993226A29D6C81A0036C050 /* FoucesedStudentTextField.swift in Sources */ = {isa = PBXBuildFile; fileRef = 0993226929D6C81A0036C050 /* FoucesedStudentTextField.swift */; };
		0993226C29D6E71D0036C050 /* FoucesedParentTextField.swift in Sources */ = {isa = PBXBuildFile; fileRef = 0993226B29D6E71D0036C050 /* FoucesedParentTextField.swift */; };
		0993226E29D6F0290036C050 /* FoucesedEnrollmentTextField.swift in Sources */ = {isa = PBXBuildFile; fileRef = 0993226D29D6F0290036C050 /* FoucesedEnrollmentTextField.swift */; };
		0993227029D6F9400036C050 /* SubmitStudentModel.swift in Sources */ = {isa = PBXBuildFile; fileRef = 0993226F29D6F9400036C050 /* SubmitStudentModel.swift */; };
		0993227229D6F9810036C050 /* SubmitStudentViewModel.swift in Sources */ = {isa = PBXBuildFile; fileRef = 0993227129D6F9810036C050 /* SubmitStudentViewModel.swift */; };
		099490CD29DA9CAA002FA2C0 /* BookingPayProcessView.swift in Sources */ = {isa = PBXBuildFile; fileRef = 099490CC29DA9CAA002FA2C0 /* BookingPayProcessView.swift */; };
		099490CF29DAAE14002FA2C0 /* BookingParentProcessView.swift in Sources */ = {isa = PBXBuildFile; fileRef = 099490CE29DAAE14002FA2C0 /* BookingParentProcessView.swift */; };
		099490D129DAAF9B002FA2C0 /* BookingUploadProcessView.swift in Sources */ = {isa = PBXBuildFile; fileRef = 099490D029DAAF9B002FA2C0 /* BookingUploadProcessView.swift */; };
		099490D329DAB5FF002FA2C0 /* BookingStudentProcessView.swift in Sources */ = {isa = PBXBuildFile; fileRef = 099490D229DAB5FF002FA2C0 /* BookingStudentProcessView.swift */; };
		099490D529DAB7D9002FA2C0 /* BookingRoomProcessView.swift in Sources */ = {isa = PBXBuildFile; fileRef = 099490D429DAB7D9002FA2C0 /* BookingRoomProcessView.swift */; };
		099490D729DAB972002FA2C0 /* BookingSignProcessView.swift in Sources */ = {isa = PBXBuildFile; fileRef = 099490D629DAB972002FA2C0 /* BookingSignProcessView.swift */; };
		099490D929DAC89B002FA2C0 /* BookingProcessLogin_Image.swift in Sources */ = {isa = PBXBuildFile; fileRef = 099490D829DAC89B002FA2C0 /* BookingProcessLogin_Image.swift */; };
		09A33B6129CC1D3C00C01D65 /* Upgrad_LivingApp.swift in Sources */ = {isa = PBXBuildFile; fileRef = 09A33B6029CC1D3C00C01D65 /* Upgrad_LivingApp.swift */; };
		09A33B6329CC1D3C00C01D65 /* ContentView.swift in Sources */ = {isa = PBXBuildFile; fileRef = 09A33B6229CC1D3C00C01D65 /* ContentView.swift */; };
		09A33B6529CC1D4200C01D65 /* Assets.xcassets in Resources */ = {isa = PBXBuildFile; fileRef = 09A33B6429CC1D4200C01D65 /* Assets.xcassets */; };
		09A33B6829CC1D4200C01D65 /* Preview Assets.xcassets in Resources */ = {isa = PBXBuildFile; fileRef = 09A33B6729CC1D4200C01D65 /* Preview Assets.xcassets */; };
		09A6F6DC29CDB96C00689E9F /* BaseAPI.swift in Sources */ = {isa = PBXBuildFile; fileRef = 09A6F6DB29CDB96C00689E9F /* BaseAPI.swift */; };
		09A6F6DE29CDB9B300689E9F /* APIDefine.swift in Sources */ = {isa = PBXBuildFile; fileRef = 09A6F6DD29CDB9B300689E9F /* APIDefine.swift */; };
		09A6F6E029CDBA3400689E9F /* LoginModel.swift in Sources */ = {isa = PBXBuildFile; fileRef = 09A6F6DF29CDBA3400689E9F /* LoginModel.swift */; };
		09A6F6E229CDBA5400689E9F /* LoginViewModel.swift in Sources */ = {isa = PBXBuildFile; fileRef = 09A6F6E129CDBA5400689E9F /* LoginViewModel.swift */; };
		09B7A1C629D8072A00EC72EF /* FoucesedMedicalTextEditor.swift in Sources */ = {isa = PBXBuildFile; fileRef = 09B7A1C529D8072A00EC72EF /* FoucesedMedicalTextEditor.swift */; };
		09B7A1C829D8125A00EC72EF /* SubmitMedicalModel.swift in Sources */ = {isa = PBXBuildFile; fileRef = 09B7A1C729D8125A00EC72EF /* SubmitMedicalModel.swift */; };
		09B7A1CA29D8129800EC72EF /* SubmitMedicalViewModel.swift in Sources */ = {isa = PBXBuildFile; fileRef = 09B7A1C929D8129800EC72EF /* SubmitMedicalViewModel.swift */; };
		09B7A1CC29D8264C00EC72EF /* SubmitDocumentaionModel.swift in Sources */ = {isa = PBXBuildFile; fileRef = 09B7A1CB29D8264C00EC72EF /* SubmitDocumentaionModel.swift */; };
		09B7A1CE29D8266E00EC72EF /* SubmitDocumentaionViewModel.swift in Sources */ = {isa = PBXBuildFile; fileRef = 09B7A1CD29D8266E00EC72EF /* SubmitDocumentaionViewModel.swift */; };
		09B7A1D429D82A3500EC72EF /* BookingProcessView.swift in Sources */ = {isa = PBXBuildFile; fileRef = 09B7A1D329D82A3500EC72EF /* BookingProcessView.swift */; };
		09B7A1D629D841EA00EC72EF /* BookingLoginProcessView.swift in Sources */ = {isa = PBXBuildFile; fileRef = 09B7A1D529D841EA00EC72EF /* BookingLoginProcessView.swift */; };
		09C3810B29DA8A52006D82C9 /* BookingSubmitProcessView.swift in Sources */ = {isa = PBXBuildFile; fileRef = 09C3810A29DA8A52006D82C9 /* BookingSubmitProcessView.swift */; };
		09CC311E29CC6B7F0048BFF5 /* LoadingView.swift in Sources */ = {isa = PBXBuildFile; fileRef = 09CC311D29CC6B7F0048BFF5 /* LoadingView.swift */; };
		09CC312629CC71940048BFF5 /* LottieView.swift in Sources */ = {isa = PBXBuildFile; fileRef = 09CC312529CC71940048BFF5 /* LottieView.swift */; };
		09CC313029CC83BE0048BFF5 /* DeviceDefine.swift in Sources */ = {isa = PBXBuildFile; fileRef = 09CC312F29CC83BE0048BFF5 /* DeviceDefine.swift */; };
		09DE74A829D541F5001B105A /* ParentsDetailsView.swift in Sources */ = {isa = PBXBuildFile; fileRef = 09DE74A729D541F5001B105A /* ParentsDetailsView.swift */; };
		09DE74AA29D54560001B105A /* ParentContentViewModel.swift in Sources */ = {isa = PBXBuildFile; fileRef = 09DE74A929D54560001B105A /* ParentContentViewModel.swift */; };
		09DE74AC29D55848001B105A /* MaterialDesignTextFieldwithoutImage.swift in Sources */ = {isa = PBXBuildFile; fileRef = 09DE74AB29D55848001B105A /* MaterialDesignTextFieldwithoutImage.swift */; };
		09DE74B229D55C4E001B105A /* EnrollmentDetailsView.swift in Sources */ = {isa = PBXBuildFile; fileRef = 09DE74B129D55C4E001B105A /* EnrollmentDetailsView.swift */; };
		09DE74B429D55DBD001B105A /* EnrollmentContentViewModel.swift in Sources */ = {isa = PBXBuildFile; fileRef = 09DE74B329D55DBD001B105A /* EnrollmentContentViewModel.swift */; };
		09DE74BC29D56977001B105A /* RoomTypeView.swift in Sources */ = {isa = PBXBuildFile; fileRef = 09DE74BB29D56977001B105A /* RoomTypeView.swift */; };
		09DE74C029D56D01001B105A /* RoomTypeQuardView.swift in Sources */ = {isa = PBXBuildFile; fileRef = 09DE74BF29D56D01001B105A /* RoomTypeQuardView.swift */; };
		09DE74C229D5782D001B105A /* RoomTypeTripleView.swift in Sources */ = {isa = PBXBuildFile; fileRef = 09DE74C129D5782D001B105A /* RoomTypeTripleView.swift */; };
		09DE74C429D5783F001B105A /* RoomTypeTwinView.swift in Sources */ = {isa = PBXBuildFile; fileRef = 09DE74C329D5783F001B105A /* RoomTypeTwinView.swift */; };
		09DE74CA29D5860B001B105A /* MedicalQuestionView.swift in Sources */ = {isa = PBXBuildFile; fileRef = 09DE74C929D5860B001B105A /* MedicalQuestionView.swift */; };
		09DE74CC29D58769001B105A /* MedicalQuestionOptionView.swift in Sources */ = {isa = PBXBuildFile; fileRef = 09DE74CB29D58769001B105A /* MedicalQuestionOptionView.swift */; };
		09DE74CE29D588B1001B105A /* MediacalQuestionImage.swift in Sources */ = {isa = PBXBuildFile; fileRef = 09DE74CD29D588B1001B105A /* MediacalQuestionImage.swift */; };
		09DE74D029D59E2B001B105A /* MediacalQuestionSubImage.swift in Sources */ = {isa = PBXBuildFile; fileRef = 09DE74CF29D59E2B001B105A /* MediacalQuestionSubImage.swift */; };
		09DE74D629D5AAFA001B105A /* FormDeclerationView.swift in Sources */ = {isa = PBXBuildFile; fileRef = 09DE74D529D5AAFA001B105A /* FormDeclerationView.swift */; };
		09E4E86D29DD4AE60029AD58 /* Success.svg in Resources */ = {isa = PBXBuildFile; fileRef = 09E4E86C29DD4AE60029AD58 /* Success.svg */; };
		09E4E86F29DD4C380029AD58 /* Blood_Group.svg in Resources */ = {isa = PBXBuildFile; fileRef = 09E4E86E29DD4C380029AD58 /* Blood_Group.svg */; };
		09ECD9DB29D3F680008465A2 /* OTPModel.swift in Sources */ = {isa = PBXBuildFile; fileRef = 09ECD9DA29D3F680008465A2 /* OTPModel.swift */; };
		09ECD9DD29D3FA60008465A2 /* APIFunction.swift in Sources */ = {isa = PBXBuildFile; fileRef = 09ECD9DC29D3FA60008465A2 /* APIFunction.swift */; };
/* End PBXBuildFile section */

/* Begin PBXFileReference section */
		0931A90529D7ED6B00F6A209 /* SubmitParentModel.swift */ = {isa = PBXFileReference; lastKnownFileType = sourcecode.swift; path = SubmitParentModel.swift; sourceTree = "<group>"; };
		0931A90729D7EE7700F6A209 /* SubmitParentViewModel.swift */ = {isa = PBXFileReference; lastKnownFileType = sourcecode.swift; path = SubmitParentViewModel.swift; sourceTree = "<group>"; };
		0931A90929D7F67000F6A209 /* SubmitEnrollmentModel.swift */ = {isa = PBXFileReference; lastKnownFileType = sourcecode.swift; path = SubmitEnrollmentModel.swift; sourceTree = "<group>"; };
		0931A90B29D7F69D00F6A209 /* SubmitEnrollmentViewModel.swift */ = {isa = PBXFileReference; lastKnownFileType = sourcecode.swift; path = SubmitEnrollmentViewModel.swift; sourceTree = "<group>"; };
		0931A90D29D7FBBF00F6A209 /* MedicalTextEditor.swift */ = {isa = PBXFileReference; lastKnownFileType = sourcecode.swift; path = MedicalTextEditor.swift; sourceTree = "<group>"; };
		0934F12C29CC3DD70076AD56 /* OTPView.swift */ = {isa = PBXFileReference; lastKnownFileType = sourcecode.swift; path = OTPView.swift; sourceTree = "<group>"; };
		0934F12E29CC57AE0076AD56 /* OTPViewModel.swift */ = {isa = PBXFileReference; lastKnownFileType = sourcecode.swift; path = OTPViewModel.swift; sourceTree = "<group>"; };
		0934F13029CC581C0076AD56 /* OTPViewTextField.swift */ = {isa = PBXFileReference; lastKnownFileType = sourcecode.swift; path = OTPViewTextField.swift; sourceTree = "<group>"; };
		093BB15429DAE91D0019C91F /* PaymentMethod6Month.swift */ = {isa = PBXFileReference; lastKnownFileType = sourcecode.swift; path = PaymentMethod6Month.swift; sourceTree = "<group>"; };
		093BB15729DAEB530019C91F /* PaymentMethod11Month.swift */ = {isa = PBXFileReference; lastKnownFileType = sourcecode.swift; path = PaymentMethod11Month.swift; sourceTree = "<group>"; };
		0945E26929CD8C3D00F9EA4E /* WalkThrough2.swift */ = {isa = PBXFileReference; lastKnownFileType = sourcecode.swift; path = WalkThrough2.swift; sourceTree = "<group>"; };
		0945E26B29CD9F1400F9EA4E /* WalkThrough3.swift */ = {isa = PBXFileReference; lastKnownFileType = sourcecode.swift; path = WalkThrough3.swift; sourceTree = "<group>"; };
		095AD00629DAEF9F000CABA8 /* SubmitRoomTypeModel.swift */ = {isa = PBXFileReference; lastKnownFileType = sourcecode.swift; path = SubmitRoomTypeModel.swift; sourceTree = "<group>"; };
		095AD00829DAF01E000CABA8 /* SubmitRoomTypeViewModel.swift */ = {isa = PBXFileReference; lastKnownFileType = sourcecode.swift; path = SubmitRoomTypeViewModel.swift; sourceTree = "<group>"; };
		096A3FDF29CC255E00092AAC /* LoginTopView.swift */ = {isa = PBXFileReference; lastKnownFileType = sourcecode.swift; path = LoginTopView.swift; sourceTree = "<group>"; };
		096A3FE129CC259B00092AAC /* LoginView.swift */ = {isa = PBXFileReference; lastKnownFileType = sourcecode.swift; path = LoginView.swift; sourceTree = "<group>"; };
		096A3FE329CC26C700092AAC /* Upgrad-Living-Info.plist */ = {isa = PBXFileReference; lastKnownFileType = text.plist; path = "Upgrad-Living-Info.plist"; sourceTree = SOURCE_ROOT; };
		096A3FE529CC2A5300092AAC /* OpenSans-Light.ttf */ = {isa = PBXFileReference; lastKnownFileType = file; path = "OpenSans-Light.ttf"; sourceTree = "<group>"; };
		096A3FE629CC2A5300092AAC /* OpenSans-Bold.ttf */ = {isa = PBXFileReference; lastKnownFileType = file; path = "OpenSans-Bold.ttf"; sourceTree = "<group>"; };
		096A3FE729CC2A5300092AAC /* OpenSans-ExtraBoldItalic.ttf */ = {isa = PBXFileReference; lastKnownFileType = file; path = "OpenSans-ExtraBoldItalic.ttf"; sourceTree = "<group>"; };
		096A3FE829CC2A5300092AAC /* OpenSans-SemiBold.ttf */ = {isa = PBXFileReference; lastKnownFileType = file; path = "OpenSans-SemiBold.ttf"; sourceTree = "<group>"; };
		096A3FE929CC2A5300092AAC /* OpenSans-Medium.ttf */ = {isa = PBXFileReference; lastKnownFileType = file; path = "OpenSans-Medium.ttf"; sourceTree = "<group>"; };
		096A3FEA29CC2A5400092AAC /* OpenSans-MediumItalic.ttf */ = {isa = PBXFileReference; lastKnownFileType = file; path = "OpenSans-MediumItalic.ttf"; sourceTree = "<group>"; };
		096A3FEB29CC2A5400092AAC /* OpenSans-SemiBoldItalic.ttf */ = {isa = PBXFileReference; lastKnownFileType = file; path = "OpenSans-SemiBoldItalic.ttf"; sourceTree = "<group>"; };
		096A3FEC29CC2A5400092AAC /* OpenSans-Italic.ttf */ = {isa = PBXFileReference; lastKnownFileType = file; path = "OpenSans-Italic.ttf"; sourceTree = "<group>"; };
		096A3FED29CC2A5400092AAC /* OpenSans-ExtraBold.ttf */ = {isa = PBXFileReference; lastKnownFileType = file; path = "OpenSans-ExtraBold.ttf"; sourceTree = "<group>"; };
		096A3FEE29CC2A5500092AAC /* OpenSans-BoldItalic.ttf */ = {isa = PBXFileReference; lastKnownFileType = file; path = "OpenSans-BoldItalic.ttf"; sourceTree = "<group>"; };
		096A3FEF29CC2A5500092AAC /* OpenSans-LightItalic.ttf */ = {isa = PBXFileReference; lastKnownFileType = file; path = "OpenSans-LightItalic.ttf"; sourceTree = "<group>"; };
		096A3FF029CC2A5500092AAC /* OpenSans-Regular.ttf */ = {isa = PBXFileReference; lastKnownFileType = file; path = "OpenSans-Regular.ttf"; sourceTree = "<group>"; };
		096A3FFD29CC2B0300092AAC /* FountsDefine.swift */ = {isa = PBXFileReference; lastKnownFileType = sourcecode.swift; path = FountsDefine.swift; sourceTree = "<group>"; };
		096A3FFF29CC2D5700092AAC /* HideKeyboard.swift */ = {isa = PBXFileReference; fileEncoding = 4; lastKnownFileType = sourcecode.swift; path = HideKeyboard.swift; sourceTree = "<group>"; };
		096A400029CC2D5700092AAC /* HexColour.swift */ = {isa = PBXFileReference; fileEncoding = 4; lastKnownFileType = sourcecode.swift; path = HexColour.swift; sourceTree = "<group>"; };
		096A400129CC2D5700092AAC /* extention.swift */ = {isa = PBXFileReference; fileEncoding = 4; lastKnownFileType = sourcecode.swift; path = extention.swift; sourceTree = "<group>"; };
		096A400229CC2D5800092AAC /* customLodingIndicator.swift */ = {isa = PBXFileReference; fileEncoding = 4; lastKnownFileType = sourcecode.swift; path = customLodingIndicator.swift; sourceTree = "<group>"; };
		09768B0E29DD81B800CB05F5 /* StepModel.swift */ = {isa = PBXFileReference; lastKnownFileType = sourcecode.swift; path = StepModel.swift; sourceTree = "<group>"; };
		09768B1029DD81EC00CB05F5 /* StepViewModel.swift */ = {isa = PBXFileReference; lastKnownFileType = sourcecode.swift; path = StepViewModel.swift; sourceTree = "<group>"; };
		09768B1429DD846D00CB05F5 /* FirstView.swift */ = {isa = PBXFileReference; lastKnownFileType = sourcecode.swift; path = FirstView.swift; sourceTree = "<group>"; };
		0981D9B629DBFA650025575D /* GetFormModel.swift */ = {isa = PBXFileReference; lastKnownFileType = sourcecode.swift; path = GetFormModel.swift; sourceTree = "<group>"; };
		0981D9B829DBFBF50025575D /* GetFormViewModel.swift */ = {isa = PBXFileReference; lastKnownFileType = sourcecode.swift; path = GetFormViewModel.swift; sourceTree = "<group>"; };
		0981D9BB29DC26BA0025575D /* SecurityDepositView.swift */ = {isa = PBXFileReference; lastKnownFileType = sourcecode.swift; path = SecurityDepositView.swift; sourceTree = "<group>"; };
		0981D9BD29DC273F0025575D /* SecurityDepositTopView.swift */ = {isa = PBXFileReference; lastKnownFileType = sourcecode.swift; path = SecurityDepositTopView.swift; sourceTree = "<group>"; };
		0981D9BF29DC2F3A0025575D /* SecurityDepositBottomView.swift */ = {isa = PBXFileReference; lastKnownFileType = sourcecode.swift; path = SecurityDepositBottomView.swift; sourceTree = "<group>"; };
		0981D9C329DC345F0025575D /* SecurityDepositSuccess.swift */ = {isa = PBXFileReference; lastKnownFileType = sourcecode.swift; path = SecurityDepositSuccess.swift; sourceTree = "<group>"; };
		098A04CF29D407C400C9595A /* StudentDetailsView.swift */ = {isa = PBXFileReference; lastKnownFileType = sourcecode.swift; path = StudentDetailsView.swift; sourceTree = "<group>"; };
		098A04D329D4111100C9595A /* DetailsViewTop.swift */ = {isa = PBXFileReference; lastKnownFileType = sourcecode.swift; path = DetailsViewTop.swift; sourceTree = "<group>"; };
		098A04D729D42EC700C9595A /* MasterModel.swift */ = {isa = PBXFileReference; lastKnownFileType = sourcecode.swift; path = MasterModel.swift; sourceTree = "<group>"; };
		098A04D929D42F3600C9595A /* MasterViewModel.swift */ = {isa = PBXFileReference; lastKnownFileType = sourcecode.swift; path = MasterViewModel.swift; sourceTree = "<group>"; };
		098A04DB29D4339500C9595A /* MaterialDesignTextEditor.swift */ = {isa = PBXFileReference; fileEncoding = 4; lastKnownFileType = sourcecode.swift; path = MaterialDesignTextEditor.swift; sourceTree = "<group>"; };
		098A04DD29D43BC300C9595A /* MaterialDesignTextFieldDOB.swift */ = {isa = PBXFileReference; lastKnownFileType = sourcecode.swift; path = MaterialDesignTextFieldDOB.swift; sourceTree = "<group>"; };
		098A04DF29D44FE400C9595A /* MaterialDesignTextEditorCountry.swift */ = {isa = PBXFileReference; lastKnownFileType = sourcecode.swift; path = MaterialDesignTextEditorCountry.swift; sourceTree = "<group>"; };
		098A04E129D452F800C9595A /* CountryModel.swift */ = {isa = PBXFileReference; lastKnownFileType = sourcecode.swift; path = CountryModel.swift; sourceTree = "<group>"; };
		098A04E329D4538200C9595A /* CountryViewModel.swift */ = {isa = PBXFileReference; lastKnownFileType = sourcecode.swift; path = CountryViewModel.swift; sourceTree = "<group>"; };
		098A04E529D4617000C9595A /* DetailsViewBottom.swift */ = {isa = PBXFileReference; lastKnownFileType = sourcecode.swift; path = DetailsViewBottom.swift; sourceTree = "<group>"; };
		098D698529CD58940000F5A9 /* Loading.json */ = {isa = PBXFileReference; fileEncoding = 4; lastKnownFileType = text.json; path = Loading.json; sourceTree = "<group>"; };
		098D698829CD70230000F5A9 /* ContentViewModel.swift */ = {isa = PBXFileReference; fileEncoding = 4; lastKnownFileType = sourcecode.swift; path = ContentViewModel.swift; sourceTree = "<group>"; };
		098D698A29CD702C0000F5A9 /* MaterialDesignTextField.swift */ = {isa = PBXFileReference; fileEncoding = 4; lastKnownFileType = sourcecode.swift; path = MaterialDesignTextField.swift; sourceTree = "<group>"; };
		098D698C29CD70EF0000F5A9 /* AnimatableCustomFontModifier.swift */ = {isa = PBXFileReference; fileEncoding = 4; lastKnownFileType = sourcecode.swift; path = AnimatableCustomFontModifier.swift; sourceTree = "<group>"; };
		098D698F29CD770D0000F5A9 /* WalkThrough1.swift */ = {isa = PBXFileReference; lastKnownFileType = sourcecode.swift; path = WalkThrough1.swift; sourceTree = "<group>"; };
		0993226229D6939C0036C050 /* SearchBar.swift */ = {isa = PBXFileReference; fileEncoding = 4; lastKnownFileType = sourcecode.swift; path = SearchBar.swift; sourceTree = "<group>"; };
		0993226429D6B37B0036C050 /* SchoolModel.swift */ = {isa = PBXFileReference; lastKnownFileType = sourcecode.swift; path = SchoolModel.swift; sourceTree = "<group>"; };
		0993226729D6B44B0036C050 /* SchoolViewModel.swift */ = {isa = PBXFileReference; lastKnownFileType = sourcecode.swift; path = SchoolViewModel.swift; sourceTree = "<group>"; };
		0993226929D6C81A0036C050 /* FoucesedStudentTextField.swift */ = {isa = PBXFileReference; lastKnownFileType = sourcecode.swift; path = FoucesedStudentTextField.swift; sourceTree = "<group>"; };
		0993226B29D6E71D0036C050 /* FoucesedParentTextField.swift */ = {isa = PBXFileReference; lastKnownFileType = sourcecode.swift; path = FoucesedParentTextField.swift; sourceTree = "<group>"; };
		0993226D29D6F0290036C050 /* FoucesedEnrollmentTextField.swift */ = {isa = PBXFileReference; lastKnownFileType = sourcecode.swift; path = FoucesedEnrollmentTextField.swift; sourceTree = "<group>"; };
		0993226F29D6F9400036C050 /* SubmitStudentModel.swift */ = {isa = PBXFileReference; lastKnownFileType = sourcecode.swift; path = SubmitStudentModel.swift; sourceTree = "<group>"; };
		0993227129D6F9810036C050 /* SubmitStudentViewModel.swift */ = {isa = PBXFileReference; lastKnownFileType = sourcecode.swift; path = SubmitStudentViewModel.swift; sourceTree = "<group>"; };
		099490CC29DA9CAA002FA2C0 /* BookingPayProcessView.swift */ = {isa = PBXFileReference; lastKnownFileType = sourcecode.swift; path = BookingPayProcessView.swift; sourceTree = "<group>"; };
		099490CE29DAAE14002FA2C0 /* BookingParentProcessView.swift */ = {isa = PBXFileReference; lastKnownFileType = sourcecode.swift; path = BookingParentProcessView.swift; sourceTree = "<group>"; };
		099490D029DAAF9B002FA2C0 /* BookingUploadProcessView.swift */ = {isa = PBXFileReference; lastKnownFileType = sourcecode.swift; path = BookingUploadProcessView.swift; sourceTree = "<group>"; };
		099490D229DAB5FF002FA2C0 /* BookingStudentProcessView.swift */ = {isa = PBXFileReference; lastKnownFileType = sourcecode.swift; path = BookingStudentProcessView.swift; sourceTree = "<group>"; };
		099490D429DAB7D9002FA2C0 /* BookingRoomProcessView.swift */ = {isa = PBXFileReference; lastKnownFileType = sourcecode.swift; path = BookingRoomProcessView.swift; sourceTree = "<group>"; };
		099490D629DAB972002FA2C0 /* BookingSignProcessView.swift */ = {isa = PBXFileReference; lastKnownFileType = sourcecode.swift; path = BookingSignProcessView.swift; sourceTree = "<group>"; };
		099490D829DAC89B002FA2C0 /* BookingProcessLogin_Image.swift */ = {isa = PBXFileReference; lastKnownFileType = sourcecode.swift; path = BookingProcessLogin_Image.swift; sourceTree = "<group>"; };
		09A33B5D29CC1D3C00C01D65 /* Upgrad Living.app */ = {isa = PBXFileReference; explicitFileType = wrapper.application; includeInIndex = 0; path = "Upgrad Living.app"; sourceTree = BUILT_PRODUCTS_DIR; };
		09A33B6029CC1D3C00C01D65 /* Upgrad_LivingApp.swift */ = {isa = PBXFileReference; lastKnownFileType = sourcecode.swift; path = Upgrad_LivingApp.swift; sourceTree = "<group>"; };
		09A33B6229CC1D3C00C01D65 /* ContentView.swift */ = {isa = PBXFileReference; lastKnownFileType = sourcecode.swift; path = ContentView.swift; sourceTree = "<group>"; };
		09A33B6429CC1D4200C01D65 /* Assets.xcassets */ = {isa = PBXFileReference; lastKnownFileType = folder.assetcatalog; path = Assets.xcassets; sourceTree = "<group>"; };
		09A33B6729CC1D4200C01D65 /* Preview Assets.xcassets */ = {isa = PBXFileReference; lastKnownFileType = folder.assetcatalog; path = "Preview Assets.xcassets"; sourceTree = "<group>"; };
		09A6F6DB29CDB96C00689E9F /* BaseAPI.swift */ = {isa = PBXFileReference; lastKnownFileType = sourcecode.swift; path = BaseAPI.swift; sourceTree = "<group>"; };
		09A6F6DD29CDB9B300689E9F /* APIDefine.swift */ = {isa = PBXFileReference; lastKnownFileType = sourcecode.swift; path = APIDefine.swift; sourceTree = "<group>"; };
		09A6F6DF29CDBA3400689E9F /* LoginModel.swift */ = {isa = PBXFileReference; lastKnownFileType = sourcecode.swift; path = LoginModel.swift; sourceTree = "<group>"; };
		09A6F6E129CDBA5400689E9F /* LoginViewModel.swift */ = {isa = PBXFileReference; lastKnownFileType = sourcecode.swift; path = LoginViewModel.swift; sourceTree = "<group>"; };
		09B7A1C529D8072A00EC72EF /* FoucesedMedicalTextEditor.swift */ = {isa = PBXFileReference; lastKnownFileType = sourcecode.swift; path = FoucesedMedicalTextEditor.swift; sourceTree = "<group>"; };
		09B7A1C729D8125A00EC72EF /* SubmitMedicalModel.swift */ = {isa = PBXFileReference; lastKnownFileType = sourcecode.swift; path = SubmitMedicalModel.swift; sourceTree = "<group>"; };
		09B7A1C929D8129800EC72EF /* SubmitMedicalViewModel.swift */ = {isa = PBXFileReference; lastKnownFileType = sourcecode.swift; path = SubmitMedicalViewModel.swift; sourceTree = "<group>"; };
		09B7A1CB29D8264C00EC72EF /* SubmitDocumentaionModel.swift */ = {isa = PBXFileReference; lastKnownFileType = sourcecode.swift; path = SubmitDocumentaionModel.swift; sourceTree = "<group>"; };
		09B7A1CD29D8266E00EC72EF /* SubmitDocumentaionViewModel.swift */ = {isa = PBXFileReference; lastKnownFileType = sourcecode.swift; path = SubmitDocumentaionViewModel.swift; sourceTree = "<group>"; };
		09B7A1D329D82A3500EC72EF /* BookingProcessView.swift */ = {isa = PBXFileReference; lastKnownFileType = sourcecode.swift; path = BookingProcessView.swift; sourceTree = "<group>"; };
		09B7A1D529D841EA00EC72EF /* BookingLoginProcessView.swift */ = {isa = PBXFileReference; lastKnownFileType = sourcecode.swift; path = BookingLoginProcessView.swift; sourceTree = "<group>"; };
		09C3810A29DA8A52006D82C9 /* BookingSubmitProcessView.swift */ = {isa = PBXFileReference; lastKnownFileType = sourcecode.swift; path = BookingSubmitProcessView.swift; sourceTree = "<group>"; };
		09CC311D29CC6B7F0048BFF5 /* LoadingView.swift */ = {isa = PBXFileReference; lastKnownFileType = sourcecode.swift; path = LoadingView.swift; sourceTree = "<group>"; };
		09CC312529CC71940048BFF5 /* LottieView.swift */ = {isa = PBXFileReference; lastKnownFileType = sourcecode.swift; path = LottieView.swift; sourceTree = "<group>"; };
		09CC312F29CC83BE0048BFF5 /* DeviceDefine.swift */ = {isa = PBXFileReference; fileEncoding = 4; lastKnownFileType = sourcecode.swift; path = DeviceDefine.swift; sourceTree = "<group>"; };
		09DE74A729D541F5001B105A /* ParentsDetailsView.swift */ = {isa = PBXFileReference; lastKnownFileType = sourcecode.swift; path = ParentsDetailsView.swift; sourceTree = "<group>"; };
		09DE74A929D54560001B105A /* ParentContentViewModel.swift */ = {isa = PBXFileReference; lastKnownFileType = sourcecode.swift; path = ParentContentViewModel.swift; sourceTree = "<group>"; };
		09DE74AB29D55848001B105A /* MaterialDesignTextFieldwithoutImage.swift */ = {isa = PBXFileReference; lastKnownFileType = sourcecode.swift; path = MaterialDesignTextFieldwithoutImage.swift; sourceTree = "<group>"; };
		09DE74B129D55C4E001B105A /* EnrollmentDetailsView.swift */ = {isa = PBXFileReference; lastKnownFileType = sourcecode.swift; path = EnrollmentDetailsView.swift; sourceTree = "<group>"; };
		09DE74B329D55DBD001B105A /* EnrollmentContentViewModel.swift */ = {isa = PBXFileReference; lastKnownFileType = sourcecode.swift; path = EnrollmentContentViewModel.swift; sourceTree = "<group>"; };
		09DE74BB29D56977001B105A /* RoomTypeView.swift */ = {isa = PBXFileReference; lastKnownFileType = sourcecode.swift; path = RoomTypeView.swift; sourceTree = "<group>"; };
		09DE74BF29D56D01001B105A /* RoomTypeQuardView.swift */ = {isa = PBXFileReference; lastKnownFileType = sourcecode.swift; path = RoomTypeQuardView.swift; sourceTree = "<group>"; };
		09DE74C129D5782D001B105A /* RoomTypeTripleView.swift */ = {isa = PBXFileReference; lastKnownFileType = sourcecode.swift; path = RoomTypeTripleView.swift; sourceTree = "<group>"; };
		09DE74C329D5783F001B105A /* RoomTypeTwinView.swift */ = {isa = PBXFileReference; lastKnownFileType = sourcecode.swift; path = RoomTypeTwinView.swift; sourceTree = "<group>"; };
		09DE74C929D5860B001B105A /* MedicalQuestionView.swift */ = {isa = PBXFileReference; lastKnownFileType = sourcecode.swift; path = MedicalQuestionView.swift; sourceTree = "<group>"; };
		09DE74CB29D58769001B105A /* MedicalQuestionOptionView.swift */ = {isa = PBXFileReference; lastKnownFileType = sourcecode.swift; path = MedicalQuestionOptionView.swift; sourceTree = "<group>"; };
		09DE74CD29D588B1001B105A /* MediacalQuestionImage.swift */ = {isa = PBXFileReference; lastKnownFileType = sourcecode.swift; path = MediacalQuestionImage.swift; sourceTree = "<group>"; };
		09DE74CF29D59E2B001B105A /* MediacalQuestionSubImage.swift */ = {isa = PBXFileReference; lastKnownFileType = sourcecode.swift; path = MediacalQuestionSubImage.swift; sourceTree = "<group>"; };
		09DE74D529D5AAFA001B105A /* FormDeclerationView.swift */ = {isa = PBXFileReference; lastKnownFileType = sourcecode.swift; path = FormDeclerationView.swift; sourceTree = "<group>"; };
		09E4E86C29DD4AE60029AD58 /* Success.svg */ = {isa = PBXFileReference; fileEncoding = 4; lastKnownFileType = text; path = Success.svg; sourceTree = "<group>"; };
		09E4E86E29DD4C380029AD58 /* Blood_Group.svg */ = {isa = PBXFileReference; fileEncoding = 4; lastKnownFileType = text; path = Blood_Group.svg; sourceTree = "<group>"; };
		09ECD9DA29D3F680008465A2 /* OTPModel.swift */ = {isa = PBXFileReference; lastKnownFileType = sourcecode.swift; path = OTPModel.swift; sourceTree = "<group>"; };
		09ECD9DC29D3FA60008465A2 /* APIFunction.swift */ = {isa = PBXFileReference; lastKnownFileType = sourcecode.swift; path = APIFunction.swift; sourceTree = "<group>"; };
		42FC69D1BCE0EB9CB9343A47 /* Pods_Upgrad_Living.framework */ = {isa = PBXFileReference; explicitFileType = wrapper.framework; includeInIndex = 0; path = Pods_Upgrad_Living.framework; sourceTree = BUILT_PRODUCTS_DIR; };
		9C3DD8EBA0C63FEA03A808A5 /* Pods-Upgrad Living.release.xcconfig */ = {isa = PBXFileReference; includeInIndex = 1; lastKnownFileType = text.xcconfig; name = "Pods-Upgrad Living.release.xcconfig"; path = "Target Support Files/Pods-Upgrad Living/Pods-Upgrad Living.release.xcconfig"; sourceTree = "<group>"; };
		DE0620C48538023C275F94CA /* Pods-Upgrad Living.debug.xcconfig */ = {isa = PBXFileReference; includeInIndex = 1; lastKnownFileType = text.xcconfig; name = "Pods-Upgrad Living.debug.xcconfig"; path = "Target Support Files/Pods-Upgrad Living/Pods-Upgrad Living.debug.xcconfig"; sourceTree = "<group>"; };
/* End PBXFileReference section */

/* Begin PBXFrameworksBuildPhase section */
		09A33B5A29CC1D3C00C01D65 /* Frameworks */ = {
			isa = PBXFrameworksBuildPhase;
			buildActionMask = 2147483647;
			files = (
				073E92853C1A2A88BF467C2D /* Pods_Upgrad_Living.framework in Frameworks */,
			);
			runOnlyForDeploymentPostprocessing = 0;
		};
/* End PBXFrameworksBuildPhase section */

/* Begin PBXGroup section */
		0934F12529CC3D910076AD56 /* View */ = {
			isa = PBXGroup;
			children = (
				096A3FDF29CC255E00092AAC /* LoginTopView.swift */,
				096A3FE129CC259B00092AAC /* LoginView.swift */,
			);
			path = View;
			sourceTree = "<group>";
		};
		0934F12629CC3D980076AD56 /* View Model */ = {
			isa = PBXGroup;
			children = (
				09A6F6E129CDBA5400689E9F /* LoginViewModel.swift */,
			);
			path = "View Model";
			sourceTree = "<group>";
		};
		0934F12729CC3D9F0076AD56 /* Model */ = {
			isa = PBXGroup;
			children = (
				09A6F6DF29CDBA3400689E9F /* LoginModel.swift */,
			);
			path = Model;
			sourceTree = "<group>";
		};
		0934F12829CC3DAF0076AD56 /* OTP */ = {
			isa = PBXGroup;
			children = (
				0934F12B29CC3DC30076AD56 /* Model */,
				0934F12A29CC3DBC0076AD56 /* View Model */,
				0934F12929CC3DB60076AD56 /* View */,
			);
			path = OTP;
			sourceTree = "<group>";
		};
		0934F12929CC3DB60076AD56 /* View */ = {
			isa = PBXGroup;
			children = (
				0934F12C29CC3DD70076AD56 /* OTPView.swift */,
				0934F13029CC581C0076AD56 /* OTPViewTextField.swift */,
			);
			path = View;
			sourceTree = "<group>";
		};
		0934F12A29CC3DBC0076AD56 /* View Model */ = {
			isa = PBXGroup;
			children = (
				0934F12E29CC57AE0076AD56 /* OTPViewModel.swift */,
			);
			path = "View Model";
			sourceTree = "<group>";
		};
		0934F12B29CC3DC30076AD56 /* Model */ = {
			isa = PBXGroup;
			children = (
				09ECD9DA29D3F680008465A2 /* OTPModel.swift */,
			);
			path = Model;
			sourceTree = "<group>";
		};
		096A3FD529CC24E000092AAC /* Core */ = {
			isa = PBXGroup;
			children = (
				09768B1229DD842F00CB05F5 /* First Screen */,
				098D698E29CD76EB0000F5A9 /* WalkThrough */,
				096A3FDD29CC254100092AAC /* Authentication */,
				098A04CA29D4075300C9595A /* Form */,
				0981D9BA29DC260C0025575D /* Security Deposit */,
			);
			path = Core;
			sourceTree = "<group>";
		};
		096A3FD629CC24E900092AAC /* Helper */ = {
			isa = PBXGroup;
			children = (
				0993226629D6B3F70036C050 /* Material TextField */,
				0993226129D6938E0036C050 /* Search Bar */,
				098D698729CD700E0000F5A9 /* View Model */,
			);
			path = Helper;
			sourceTree = "<group>";
		};
		096A3FD729CC24F200092AAC /* Define */ = {
			isa = PBXGroup;
			children = (
				096A3FFD29CC2B0300092AAC /* FountsDefine.swift */,
				09CC312F29CC83BE0048BFF5 /* DeviceDefine.swift */,
				09A6F6DD29CDB9B300689E9F /* APIDefine.swift */,
			);
			path = Define;
			sourceTree = "<group>";
		};
		096A3FD829CC24FA00092AAC /* Utils */ = {
			isa = PBXGroup;
			children = (
				096A400229CC2D5800092AAC /* customLodingIndicator.swift */,
				096A400129CC2D5700092AAC /* extention.swift */,
				096A400029CC2D5700092AAC /* HexColour.swift */,
				096A3FFF29CC2D5700092AAC /* HideKeyboard.swift */,
				09CC311D29CC6B7F0048BFF5 /* LoadingView.swift */,
				09CC312529CC71940048BFF5 /* LottieView.swift */,
			);
			path = Utils;
			sourceTree = "<group>";
		};
		096A3FD929CC250500092AAC /* Resources */ = {
			isa = PBXGroup;
			children = (
				09E4E86E29DD4C380029AD58 /* Blood_Group.svg */,
				09E4E86C29DD4AE60029AD58 /* Success.svg */,
				09CC312229CC70BD0048BFF5 /* JSON File */,
				096A3FE429CC2A2000092AAC /* Founts */,
			);
			path = Resources;
			sourceTree = "<group>";
		};
		096A3FDA29CC251400092AAC /* Singleton Class */ = {
			isa = PBXGroup;
			children = (
				09A6F6DB29CDB96C00689E9F /* BaseAPI.swift */,
			);
			path = "Singleton Class";
			sourceTree = "<group>";
		};
		096A3FDB29CC252000092AAC /* API Finction */ = {
			isa = PBXGroup;
			children = (
				09ECD9DC29D3FA60008465A2 /* APIFunction.swift */,
			);
			path = "API Finction";
			sourceTree = "<group>";
		};
		096A3FDC29CC252A00092AAC /* App */ = {
			isa = PBXGroup;
			children = (
				09A33B6029CC1D3C00C01D65 /* Upgrad_LivingApp.swift */,
			);
			path = App;
			sourceTree = "<group>";
		};
		096A3FDD29CC254100092AAC /* Authentication */ = {
			isa = PBXGroup;
			children = (
				096A3FDE29CC254A00092AAC /* Login */,
				0934F12829CC3DAF0076AD56 /* OTP */,
			);
			path = Authentication;
			sourceTree = "<group>";
		};
		096A3FDE29CC254A00092AAC /* Login */ = {
			isa = PBXGroup;
			children = (
				0934F12729CC3D9F0076AD56 /* Model */,
				0934F12629CC3D980076AD56 /* View Model */,
				0934F12529CC3D910076AD56 /* View */,
			);
			path = Login;
			sourceTree = "<group>";
		};
		096A3FE429CC2A2000092AAC /* Founts */ = {
			isa = PBXGroup;
			children = (
				096A3FE629CC2A5300092AAC /* OpenSans-Bold.ttf */,
				096A3FEE29CC2A5500092AAC /* OpenSans-BoldItalic.ttf */,
				096A3FED29CC2A5400092AAC /* OpenSans-ExtraBold.ttf */,
				096A3FE729CC2A5300092AAC /* OpenSans-ExtraBoldItalic.ttf */,
				096A3FEC29CC2A5400092AAC /* OpenSans-Italic.ttf */,
				096A3FE529CC2A5300092AAC /* OpenSans-Light.ttf */,
				096A3FEF29CC2A5500092AAC /* OpenSans-LightItalic.ttf */,
				096A3FE929CC2A5300092AAC /* OpenSans-Medium.ttf */,
				096A3FEA29CC2A5400092AAC /* OpenSans-MediumItalic.ttf */,
				096A3FF029CC2A5500092AAC /* OpenSans-Regular.ttf */,
				096A3FE829CC2A5300092AAC /* OpenSans-SemiBold.ttf */,
				096A3FEB29CC2A5400092AAC /* OpenSans-SemiBoldItalic.ttf */,
			);
			path = Founts;
			sourceTree = "<group>";
		};
		09768B0C29DD816E00CB05F5 /* View Model */ = {
			isa = PBXGroup;
			children = (
				09768B1029DD81EC00CB05F5 /* StepViewModel.swift */,
			);
			path = "View Model";
			sourceTree = "<group>";
		};
		09768B0D29DD817700CB05F5 /* Model */ = {
			isa = PBXGroup;
			children = (
				09768B0E29DD81B800CB05F5 /* StepModel.swift */,
			);
			path = Model;
			sourceTree = "<group>";
		};
		09768B1229DD842F00CB05F5 /* First Screen */ = {
			isa = PBXGroup;
			children = (
				09768B0D29DD817700CB05F5 /* Model */,
				09768B0C29DD816E00CB05F5 /* View Model */,
				09768B1329DD844500CB05F5 /* View */,
			);
			path = "First Screen";
			sourceTree = "<group>";
		};
		09768B1329DD844500CB05F5 /* View */ = {
			isa = PBXGroup;
			children = (
				09768B1429DD846D00CB05F5 /* FirstView.swift */,
			);
			path = View;
			sourceTree = "<group>";
		};
		0981D9BA29DC260C0025575D /* Security Deposit */ = {
			isa = PBXGroup;
			children = (
				0981D9C129DC34120025575D /* Payment */,
				0981D9C229DC34220025575D /* Success */,
			);
			path = "Security Deposit";
			sourceTree = "<group>";
		};
		0981D9C129DC34120025575D /* Payment */ = {
			isa = PBXGroup;
			children = (
				0981D9BB29DC26BA0025575D /* SecurityDepositView.swift */,
				0981D9BD29DC273F0025575D /* SecurityDepositTopView.swift */,
				0981D9BF29DC2F3A0025575D /* SecurityDepositBottomView.swift */,
			);
			path = Payment;
			sourceTree = "<group>";
		};
		0981D9C229DC34220025575D /* Success */ = {
			isa = PBXGroup;
			children = (
				0981D9C329DC345F0025575D /* SecurityDepositSuccess.swift */,
			);
			path = Success;
			sourceTree = "<group>";
		};
		098A04CA29D4075300C9595A /* Form */ = {
			isa = PBXGroup;
			children = (
				09B7A1CF29D829F800EC72EF /* Booking Process */,
				098A04CB29D4079600C9595A /* Student Details */,
				09DE74A329D541B3001B105A /* Parents Details */,
				09DE74AD29D55C1A001B105A /* Enrollment Details */,
				09DE74B529D5692E001B105A /* Room Type */,
				09DE74C529D585D7001B105A /* Medical Question */,
				09DE74D129D5AA68001B105A /* Decleration */,
			);
			path = Form;
			sourceTree = "<group>";
		};
		098A04CB29D4079600C9595A /* Student Details */ = {
			isa = PBXGroup;
			children = (
				098A04CE29D407AF00C9595A /* Model */,
				098A04CD29D407A800C9595A /* View Model */,
				098A04CC29D407A100C9595A /* View */,
			);
			path = "Student Details";
			sourceTree = "<group>";
		};
		098A04CC29D407A100C9595A /* View */ = {
			isa = PBXGroup;
			children = (
				098A04CF29D407C400C9595A /* StudentDetailsView.swift */,
				098A04D329D4111100C9595A /* DetailsViewTop.swift */,
				098A04E529D4617000C9595A /* DetailsViewBottom.swift */,
			);
			path = View;
			sourceTree = "<group>";
		};
		098A04CD29D407A800C9595A /* View Model */ = {
			isa = PBXGroup;
			children = (
				098A04D929D42F3600C9595A /* MasterViewModel.swift */,
				098A04E329D4538200C9595A /* CountryViewModel.swift */,
				0993226929D6C81A0036C050 /* FoucesedStudentTextField.swift */,
				0993227129D6F9810036C050 /* SubmitStudentViewModel.swift */,
				0981D9B829DBFBF50025575D /* GetFormViewModel.swift */,
			);
			path = "View Model";
			sourceTree = "<group>";
		};
		098A04CE29D407AF00C9595A /* Model */ = {
			isa = PBXGroup;
			children = (
				098A04D729D42EC700C9595A /* MasterModel.swift */,
				098A04E129D452F800C9595A /* CountryModel.swift */,
				0993226F29D6F9400036C050 /* SubmitStudentModel.swift */,
				0981D9B629DBFA650025575D /* GetFormModel.swift */,
			);
			path = Model;
			sourceTree = "<group>";
		};
		098D698729CD700E0000F5A9 /* View Model */ = {
			isa = PBXGroup;
			children = (
				098D698829CD70230000F5A9 /* ContentViewModel.swift */,
				09DE74A929D54560001B105A /* ParentContentViewModel.swift */,
				09DE74B329D55DBD001B105A /* EnrollmentContentViewModel.swift */,
			);
			path = "View Model";
			sourceTree = "<group>";
		};
		098D698E29CD76EB0000F5A9 /* WalkThrough */ = {
			isa = PBXGroup;
			children = (
				098D698F29CD770D0000F5A9 /* WalkThrough1.swift */,
				0945E26929CD8C3D00F9EA4E /* WalkThrough2.swift */,
				0945E26B29CD9F1400F9EA4E /* WalkThrough3.swift */,
			);
			path = WalkThrough;
			sourceTree = "<group>";
		};
		0993226129D6938E0036C050 /* Search Bar */ = {
			isa = PBXGroup;
			children = (
				0993226229D6939C0036C050 /* SearchBar.swift */,
			);
			path = "Search Bar";
			sourceTree = "<group>";
		};
		0993226629D6B3F70036C050 /* Material TextField */ = {
			isa = PBXGroup;
			children = (
				098D698A29CD702C0000F5A9 /* MaterialDesignTextField.swift */,
				098A04DD29D43BC300C9595A /* MaterialDesignTextFieldDOB.swift */,
				098A04DB29D4339500C9595A /* MaterialDesignTextEditor.swift */,
				098A04DF29D44FE400C9595A /* MaterialDesignTextEditorCountry.swift */,
				09DE74AB29D55848001B105A /* MaterialDesignTextFieldwithoutImage.swift */,
				098D698C29CD70EF0000F5A9 /* AnimatableCustomFontModifier.swift */,
			);
			path = "Material TextField";
			sourceTree = "<group>";
		};
		09A33B5429CC1D3C00C01D65 = {
			isa = PBXGroup;
			children = (
				09A33B5F29CC1D3C00C01D65 /* Upgrad Living */,
				09A33B5E29CC1D3C00C01D65 /* Products */,
				A40E67BD31F030707D328D28 /* Pods */,
				61B811BA70591BBBDF446A90 /* Frameworks */,
			);
			sourceTree = "<group>";
		};
		09A33B5E29CC1D3C00C01D65 /* Products */ = {
			isa = PBXGroup;
			children = (
				09A33B5D29CC1D3C00C01D65 /* Upgrad Living.app */,
			);
			name = Products;
			sourceTree = "<group>";
		};
		09A33B5F29CC1D3C00C01D65 /* Upgrad Living */ = {
			isa = PBXGroup;
			children = (
				096A3FE329CC26C700092AAC /* Upgrad-Living-Info.plist */,
				096A3FDC29CC252A00092AAC /* App */,
				096A3FDB29CC252000092AAC /* API Finction */,
				096A3FDA29CC251400092AAC /* Singleton Class */,
				096A3FD929CC250500092AAC /* Resources */,
				096A3FD829CC24FA00092AAC /* Utils */,
				096A3FD729CC24F200092AAC /* Define */,
				096A3FD629CC24E900092AAC /* Helper */,
				096A3FD529CC24E000092AAC /* Core */,
				09A33B6229CC1D3C00C01D65 /* ContentView.swift */,
				09A33B6429CC1D4200C01D65 /* Assets.xcassets */,
				09A33B6629CC1D4200C01D65 /* Preview Content */,
			);
			path = "Upgrad Living";
			sourceTree = "<group>";
		};
		09A33B6629CC1D4200C01D65 /* Preview Content */ = {
			isa = PBXGroup;
			children = (
				09A33B6729CC1D4200C01D65 /* Preview Assets.xcassets */,
			);
			path = "Preview Content";
			sourceTree = "<group>";
		};
		09B7A1CF29D829F800EC72EF /* Booking Process */ = {
			isa = PBXGroup;
			children = (
				09B7A1D029D82A0B00EC72EF /* View */,
			);
			path = "Booking Process";
			sourceTree = "<group>";
		};
		09B7A1D029D82A0B00EC72EF /* View */ = {
			isa = PBXGroup;
			children = (
				09B7A1D329D82A3500EC72EF /* BookingProcessView.swift */,
				09B7A1D529D841EA00EC72EF /* BookingLoginProcessView.swift */,
				09C3810A29DA8A52006D82C9 /* BookingSubmitProcessView.swift */,
				099490CC29DA9CAA002FA2C0 /* BookingPayProcessView.swift */,
				099490CE29DAAE14002FA2C0 /* BookingParentProcessView.swift */,
				099490D029DAAF9B002FA2C0 /* BookingUploadProcessView.swift */,
				099490D229DAB5FF002FA2C0 /* BookingStudentProcessView.swift */,
				099490D429DAB7D9002FA2C0 /* BookingRoomProcessView.swift */,
				099490D629DAB972002FA2C0 /* BookingSignProcessView.swift */,
				099490D829DAC89B002FA2C0 /* BookingProcessLogin_Image.swift */,
			);
			path = View;
			sourceTree = "<group>";
		};
		09CC312229CC70BD0048BFF5 /* JSON File */ = {
			isa = PBXGroup;
			children = (
				098D698529CD58940000F5A9 /* Loading.json */,
			);
			path = "JSON File";
			sourceTree = "<group>";
		};
		09DE74A329D541B3001B105A /* Parents Details */ = {
			isa = PBXGroup;
			children = (
				09DE74A629D541D0001B105A /* Model */,
				09DE74A529D541C9001B105A /* View Model */,
				09DE74A429D541C3001B105A /* View */,
			);
			path = "Parents Details";
			sourceTree = "<group>";
		};
		09DE74A429D541C3001B105A /* View */ = {
			isa = PBXGroup;
			children = (
				09DE74A729D541F5001B105A /* ParentsDetailsView.swift */,
			);
			path = View;
			sourceTree = "<group>";
		};
		09DE74A529D541C9001B105A /* View Model */ = {
			isa = PBXGroup;
			children = (
				0993226B29D6E71D0036C050 /* FoucesedParentTextField.swift */,
				0931A90729D7EE7700F6A209 /* SubmitParentViewModel.swift */,
			);
			path = "View Model";
			sourceTree = "<group>";
		};
		09DE74A629D541D0001B105A /* Model */ = {
			isa = PBXGroup;
			children = (
				0931A90529D7ED6B00F6A209 /* SubmitParentModel.swift */,
			);
			path = Model;
			sourceTree = "<group>";
		};
		09DE74AD29D55C1A001B105A /* Enrollment Details */ = {
			isa = PBXGroup;
			children = (
				09DE74B029D55C38001B105A /* Model */,
				09DE74AF29D55C30001B105A /* View Model */,
				09DE74AE29D55C2A001B105A /* View */,
			);
			path = "Enrollment Details";
			sourceTree = "<group>";
		};
		09DE74AE29D55C2A001B105A /* View */ = {
			isa = PBXGroup;
			children = (
				09DE74B129D55C4E001B105A /* EnrollmentDetailsView.swift */,
			);
			path = View;
			sourceTree = "<group>";
		};
		09DE74AF29D55C30001B105A /* View Model */ = {
			isa = PBXGroup;
			children = (
				0993226729D6B44B0036C050 /* SchoolViewModel.swift */,
				0993226D29D6F0290036C050 /* FoucesedEnrollmentTextField.swift */,
				0931A90B29D7F69D00F6A209 /* SubmitEnrollmentViewModel.swift */,
			);
			path = "View Model";
			sourceTree = "<group>";
		};
		09DE74B029D55C38001B105A /* Model */ = {
			isa = PBXGroup;
			children = (
				0993226429D6B37B0036C050 /* SchoolModel.swift */,
				0931A90929D7F67000F6A209 /* SubmitEnrollmentModel.swift */,
			);
			path = Model;
			sourceTree = "<group>";
		};
		09DE74B529D5692E001B105A /* Room Type */ = {
			isa = PBXGroup;
			children = (
				09DE74B829D5694C001B105A /* Model */,
				09DE74B729D56945001B105A /* View Model */,
				09DE74B629D5693E001B105A /* View */,
			);
			path = "Room Type";
			sourceTree = "<group>";
		};
		09DE74B629D5693E001B105A /* View */ = {
			isa = PBXGroup;
			children = (
				09DE74BB29D56977001B105A /* RoomTypeView.swift */,
				09DE74BF29D56D01001B105A /* RoomTypeQuardView.swift */,
				09DE74C129D5782D001B105A /* RoomTypeTripleView.swift */,
				09DE74C329D5783F001B105A /* RoomTypeTwinView.swift */,
				093BB15429DAE91D0019C91F /* PaymentMethod6Month.swift */,
				093BB15729DAEB530019C91F /* PaymentMethod11Month.swift */,
			);
			path = View;
			sourceTree = "<group>";
		};
		09DE74B729D56945001B105A /* View Model */ = {
			isa = PBXGroup;
			children = (
				095AD00829DAF01E000CABA8 /* SubmitRoomTypeViewModel.swift */,
			);
			path = "View Model";
			sourceTree = "<group>";
		};
		09DE74B829D5694C001B105A /* Model */ = {
			isa = PBXGroup;
			children = (
				095AD00629DAEF9F000CABA8 /* SubmitRoomTypeModel.swift */,
			);
			path = Model;
			sourceTree = "<group>";
		};
		09DE74C529D585D7001B105A /* Medical Question */ = {
			isa = PBXGroup;
			children = (
				09DE74C829D585F6001B105A /* Model */,
				09DE74C729D585F0001B105A /* Model View */,
				09DE74C629D585EB001B105A /* View */,
			);
			path = "Medical Question";
			sourceTree = "<group>";
		};
		09DE74C629D585EB001B105A /* View */ = {
			isa = PBXGroup;
			children = (
				09DE74C929D5860B001B105A /* MedicalQuestionView.swift */,
				09DE74CB29D58769001B105A /* MedicalQuestionOptionView.swift */,
				09DE74CD29D588B1001B105A /* MediacalQuestionImage.swift */,
				09DE74CF29D59E2B001B105A /* MediacalQuestionSubImage.swift */,
				0931A90D29D7FBBF00F6A209 /* MedicalTextEditor.swift */,
			);
			path = View;
			sourceTree = "<group>";
		};
		09DE74C729D585F0001B105A /* Model View */ = {
			isa = PBXGroup;
			children = (
				09B7A1C529D8072A00EC72EF /* FoucesedMedicalTextEditor.swift */,
				09B7A1C929D8129800EC72EF /* SubmitMedicalViewModel.swift */,
			);
			path = "Model View";
			sourceTree = "<group>";
		};
		09DE74C829D585F6001B105A /* Model */ = {
			isa = PBXGroup;
			children = (
				09B7A1C729D8125A00EC72EF /* SubmitMedicalModel.swift */,
			);
			path = Model;
			sourceTree = "<group>";
		};
		09DE74D129D5AA68001B105A /* Decleration */ = {
			isa = PBXGroup;
			children = (
				09DE74D429D5AAE6001B105A /* Model */,
				09DE74D329D5AA7C001B105A /* View Model */,
				09DE74D229D5AA77001B105A /* View */,
			);
			path = Decleration;
			sourceTree = "<group>";
		};
		09DE74D229D5AA77001B105A /* View */ = {
			isa = PBXGroup;
			children = (
				09DE74D529D5AAFA001B105A /* FormDeclerationView.swift */,
			);
			path = View;
			sourceTree = "<group>";
		};
		09DE74D329D5AA7C001B105A /* View Model */ = {
			isa = PBXGroup;
			children = (
				09B7A1CD29D8266E00EC72EF /* SubmitDocumentaionViewModel.swift */,
			);
			path = "View Model";
			sourceTree = "<group>";
		};
		09DE74D429D5AAE6001B105A /* Model */ = {
			isa = PBXGroup;
			children = (
				09B7A1CB29D8264C00EC72EF /* SubmitDocumentaionModel.swift */,
			);
			path = Model;
			sourceTree = "<group>";
		};
		61B811BA70591BBBDF446A90 /* Frameworks */ = {
			isa = PBXGroup;
			children = (
				42FC69D1BCE0EB9CB9343A47 /* Pods_Upgrad_Living.framework */,
			);
			name = Frameworks;
			sourceTree = "<group>";
		};
		A40E67BD31F030707D328D28 /* Pods */ = {
			isa = PBXGroup;
			children = (
				DE0620C48538023C275F94CA /* Pods-Upgrad Living.debug.xcconfig */,
				9C3DD8EBA0C63FEA03A808A5 /* Pods-Upgrad Living.release.xcconfig */,
			);
			path = Pods;
			sourceTree = "<group>";
		};
/* End PBXGroup section */

/* Begin PBXNativeTarget section */
		09A33B5C29CC1D3C00C01D65 /* Upgrad Living */ = {
			isa = PBXNativeTarget;
			buildConfigurationList = 09A33B6B29CC1D4200C01D65 /* Build configuration list for PBXNativeTarget "Upgrad Living" */;
			buildPhases = (
				DBBD1B884C307CECB1CFB85A /* [CP] Check Pods Manifest.lock */,
				09A33B5929CC1D3C00C01D65 /* Sources */,
				09A33B5A29CC1D3C00C01D65 /* Frameworks */,
				09A33B5B29CC1D3C00C01D65 /* Resources */,
				3465EB939C8E452DB348AFDA /* [CP] Embed Pods Frameworks */,
			);
			buildRules = (
			);
			dependencies = (
			);
			name = "Upgrad Living";
			packageProductDependencies = (
			);
			productName = "Upgrad Living";
			productReference = 09A33B5D29CC1D3C00C01D65 /* Upgrad Living.app */;
			productType = "com.apple.product-type.application";
		};
/* End PBXNativeTarget section */

/* Begin PBXProject section */
		09A33B5529CC1D3C00C01D65 /* Project object */ = {
			isa = PBXProject;
			attributes = {
				BuildIndependentTargetsInParallel = 1;
				LastSwiftUpdateCheck = 1400;
				LastUpgradeCheck = 1400;
				TargetAttributes = {
					09A33B5C29CC1D3C00C01D65 = {
						CreatedOnToolsVersion = 14.0.1;
					};
				};
			};
			buildConfigurationList = 09A33B5829CC1D3C00C01D65 /* Build configuration list for PBXProject "Upgrad Living" */;
			compatibilityVersion = "Xcode 13.0";
			developmentRegion = en;
			hasScannedForEncodings = 0;
			knownRegions = (
				en,
				Base,
			);
			mainGroup = 09A33B5429CC1D3C00C01D65;
			packageReferences = (
			);
			productRefGroup = 09A33B5E29CC1D3C00C01D65 /* Products */;
			projectDirPath = "";
			projectRoot = "";
			targets = (
				09A33B5C29CC1D3C00C01D65 /* Upgrad Living */,
			);
		};
/* End PBXProject section */

/* Begin PBXResourcesBuildPhase section */
		09A33B5B29CC1D3C00C01D65 /* Resources */ = {
			isa = PBXResourcesBuildPhase;
			buildActionMask = 2147483647;
			files = (
				096A3FF729CC2A5500092AAC /* OpenSans-SemiBoldItalic.ttf in Resources */,
				096A3FF929CC2A5500092AAC /* OpenSans-ExtraBold.ttf in Resources */,
				09E4E86D29DD4AE60029AD58 /* Success.svg in Resources */,
				096A3FF629CC2A5500092AAC /* OpenSans-MediumItalic.ttf in Resources */,
				09E4E86F29DD4C380029AD58 /* Blood_Group.svg in Resources */,
				098D698629CD58940000F5A9 /* Loading.json in Resources */,
				096A3FF529CC2A5500092AAC /* OpenSans-Medium.ttf in Resources */,
				096A3FF829CC2A5500092AAC /* OpenSans-Italic.ttf in Resources */,
				096A3FF129CC2A5500092AAC /* OpenSans-Light.ttf in Resources */,
				096A3FFA29CC2A5500092AAC /* OpenSans-BoldItalic.ttf in Resources */,
				09A33B6829CC1D4200C01D65 /* Preview Assets.xcassets in Resources */,
				096A3FF329CC2A5500092AAC /* OpenSans-ExtraBoldItalic.ttf in Resources */,
				096A3FF229CC2A5500092AAC /* OpenSans-Bold.ttf in Resources */,
				096A3FFC29CC2A5500092AAC /* OpenSans-Regular.ttf in Resources */,
				096A3FF429CC2A5500092AAC /* OpenSans-SemiBold.ttf in Resources */,
				096A3FFB29CC2A5500092AAC /* OpenSans-LightItalic.ttf in Resources */,
				09A33B6529CC1D4200C01D65 /* Assets.xcassets in Resources */,
			);
			runOnlyForDeploymentPostprocessing = 0;
		};
/* End PBXResourcesBuildPhase section */

/* Begin PBXShellScriptBuildPhase section */
		3465EB939C8E452DB348AFDA /* [CP] Embed Pods Frameworks */ = {
			isa = PBXShellScriptBuildPhase;
			buildActionMask = 2147483647;
			files = (
			);
			inputFileListPaths = (
				"${PODS_ROOT}/Target Support Files/Pods-Upgrad Living/Pods-Upgrad Living-frameworks-${CONFIGURATION}-input-files.xcfilelist",
			);
			name = "[CP] Embed Pods Frameworks";
			outputFileListPaths = (
				"${PODS_ROOT}/Target Support Files/Pods-Upgrad Living/Pods-Upgrad Living-frameworks-${CONFIGURATION}-output-files.xcfilelist",
			);
			runOnlyForDeploymentPostprocessing = 0;
			shellPath = /bin/sh;
			shellScript = "\"${PODS_ROOT}/Target Support Files/Pods-Upgrad Living/Pods-Upgrad Living-frameworks.sh\"\n";
			showEnvVarsInLog = 0;
		};
		DBBD1B884C307CECB1CFB85A /* [CP] Check Pods Manifest.lock */ = {
			isa = PBXShellScriptBuildPhase;
			buildActionMask = 2147483647;
			files = (
			);
			inputFileListPaths = (
			);
			inputPaths = (
				"${PODS_PODFILE_DIR_PATH}/Podfile.lock",
				"${PODS_ROOT}/Manifest.lock",
			);
			name = "[CP] Check Pods Manifest.lock";
			outputFileListPaths = (
			);
			outputPaths = (
				"$(DERIVED_FILE_DIR)/Pods-Upgrad Living-checkManifestLockResult.txt",
			);
			runOnlyForDeploymentPostprocessing = 0;
			shellPath = /bin/sh;
			shellScript = "diff \"${PODS_PODFILE_DIR_PATH}/Podfile.lock\" \"${PODS_ROOT}/Manifest.lock\" > /dev/null\nif [ $? != 0 ] ; then\n    # print error to STDERR\n    echo \"error: The sandbox is not in sync with the Podfile.lock. Run 'pod install' or update your CocoaPods installation.\" >&2\n    exit 1\nfi\n# This output is used by Xcode 'outputs' to avoid re-running this script phase.\necho \"SUCCESS\" > \"${SCRIPT_OUTPUT_FILE_0}\"\n";
			showEnvVarsInLog = 0;
		};
/* End PBXShellScriptBuildPhase section */

/* Begin PBXSourcesBuildPhase section */
		09A33B5929CC1D3C00C01D65 /* Sources */ = {
			isa = PBXSourcesBuildPhase;
			buildActionMask = 2147483647;
			files = (
				0945E26C29CD9F1400F9EA4E /* WalkThrough3.swift in Sources */,
				09768B0F29DD81B800CB05F5 /* StepModel.swift in Sources */,
				099490D729DAB972002FA2C0 /* BookingSignProcessView.swift in Sources */,
				09B7A1CE29D8266E00EC72EF /* SubmitDocumentaionViewModel.swift in Sources */,
				0993226C29D6E71D0036C050 /* FoucesedParentTextField.swift in Sources */,
				098A04D829D42EC700C9595A /* MasterModel.swift in Sources */,
				0981D9BE29DC273F0025575D /* SecurityDepositTopView.swift in Sources */,
				09DE74D629D5AAFA001B105A /* FormDeclerationView.swift in Sources */,
				0993226529D6B37B0036C050 /* SchoolModel.swift in Sources */,
				0931A90A29D7F67000F6A209 /* SubmitEnrollmentModel.swift in Sources */,
				09A6F6DE29CDB9B300689E9F /* APIDefine.swift in Sources */,
				0981D9C029DC2F3A0025575D /* SecurityDepositBottomView.swift in Sources */,
				09DE74C429D5783F001B105A /* RoomTypeTwinView.swift in Sources */,
				0993226829D6B44B0036C050 /* SchoolViewModel.swift in Sources */,
				0993226A29D6C81A0036C050 /* FoucesedStudentTextField.swift in Sources */,
				098D699029CD770D0000F5A9 /* WalkThrough1.swift in Sources */,
				099490CF29DAAE14002FA2C0 /* BookingParentProcessView.swift in Sources */,
				09DE74CC29D58769001B105A /* MedicalQuestionOptionView.swift in Sources */,
				098A04D029D407C400C9595A /* StudentDetailsView.swift in Sources */,
				09DE74CE29D588B1001B105A /* MediacalQuestionImage.swift in Sources */,
				096A400529CC2D5800092AAC /* extention.swift in Sources */,
				09B7A1C629D8072A00EC72EF /* FoucesedMedicalTextEditor.swift in Sources */,
				09A33B6329CC1D3C00C01D65 /* ContentView.swift in Sources */,
				096A3FE029CC255E00092AAC /* LoginTopView.swift in Sources */,
				098A04D429D4111100C9595A /* DetailsViewTop.swift in Sources */,
				0993226329D6939C0036C050 /* SearchBar.swift in Sources */,
				09DE74C229D5782D001B105A /* RoomTypeTripleView.swift in Sources */,
				09DE74AA29D54560001B105A /* ParentContentViewModel.swift in Sources */,
				09DE74B229D55C4E001B105A /* EnrollmentDetailsView.swift in Sources */,
				099490D529DAB7D9002FA2C0 /* BookingRoomProcessView.swift in Sources */,
				0981D9BC29DC26BB0025575D /* SecurityDepositView.swift in Sources */,
				096A3FE229CC259B00092AAC /* LoginView.swift in Sources */,
				099490D129DAAF9B002FA2C0 /* BookingUploadProcessView.swift in Sources */,
				099490D929DAC89B002FA2C0 /* BookingProcessLogin_Image.swift in Sources */,
				095AD00729DAEF9F000CABA8 /* SubmitRoomTypeModel.swift in Sources */,
				09DE74CA29D5860B001B105A /* MedicalQuestionView.swift in Sources */,
				09CC313029CC83BE0048BFF5 /* DeviceDefine.swift in Sources */,
				0931A90829D7EE7700F6A209 /* SubmitParentViewModel.swift in Sources */,
				098D698B29CD702C0000F5A9 /* MaterialDesignTextField.swift in Sources */,
				0981D9B929DBFBF50025575D /* GetFormViewModel.swift in Sources */,
				09DE74AC29D55848001B105A /* MaterialDesignTextFieldwithoutImage.swift in Sources */,
				09768B1529DD846D00CB05F5 /* FirstView.swift in Sources */,
				0934F12F29CC57AE0076AD56 /* OTPViewModel.swift in Sources */,
				0993227029D6F9400036C050 /* SubmitStudentModel.swift in Sources */,
				09B7A1CC29D8264C00EC72EF /* SubmitDocumentaionModel.swift in Sources */,
				09DE74A829D541F5001B105A /* ParentsDetailsView.swift in Sources */,
				096A3FFE29CC2B0300092AAC /* FountsDefine.swift in Sources */,
				098A04E229D452F800C9595A /* CountryModel.swift in Sources */,
				098A04DC29D4339500C9595A /* MaterialDesignTextEditor.swift in Sources */,
				098D698D29CD70EF0000F5A9 /* AnimatableCustomFontModifier.swift in Sources */,
				0931A90629D7ED6B00F6A209 /* SubmitParentModel.swift in Sources */,
				09B7A1C829D8125A00EC72EF /* SubmitMedicalModel.swift in Sources */,
				096A400429CC2D5800092AAC /* HexColour.swift in Sources */,
				09A6F6E229CDBA5400689E9F /* LoginViewModel.swift in Sources */,
				09B7A1D429D82A3500EC72EF /* BookingProcessView.swift in Sources */,
				09B7A1D629D841EA00EC72EF /* BookingLoginProcessView.swift in Sources */,
				09A6F6E029CDBA3400689E9F /* LoginModel.swift in Sources */,
				098A04E029D44FE400C9595A /* MaterialDesignTextEditorCountry.swift in Sources */,
				09DE74BC29D56977001B105A /* RoomTypeView.swift in Sources */,
				098A04E429D4538200C9595A /* CountryViewModel.swift in Sources */,
				0981D9B729DBFA650025575D /* GetFormModel.swift in Sources */,
				09768B1129DD81EC00CB05F5 /* StepViewModel.swift in Sources */,
				09DE74B429D55DBD001B105A /* EnrollmentContentViewModel.swift in Sources */,
				09ECD9DB29D3F680008465A2 /* OTPModel.swift in Sources */,
				099490D329DAB5FF002FA2C0 /* BookingStudentProcessView.swift in Sources */,
				098A04DA29D42F3600C9595A /* MasterViewModel.swift in Sources */,
				0931A90E29D7FBBF00F6A209 /* MedicalTextEditor.swift in Sources */,
				0993226E29D6F0290036C050 /* FoucesedEnrollmentTextField.swift in Sources */,
				0945E26A29CD8C3D00F9EA4E /* WalkThrough2.swift in Sources */,
				098D698929CD70230000F5A9 /* ContentViewModel.swift in Sources */,
				0981D9C429DC345F0025575D /* SecurityDepositSuccess.swift in Sources */,
				0934F12D29CC3DD70076AD56 /* OTPView.swift in Sources */,
				09DE74D029D59E2B001B105A /* MediacalQuestionSubImage.swift in Sources */,
				093BB15529DAE91D0019C91F /* PaymentMethod6Month.swift in Sources */,
				09ECD9DD29D3FA60008465A2 /* APIFunction.swift in Sources */,
				0993227229D6F9810036C050 /* SubmitStudentViewModel.swift in Sources */,
				0934F13129CC581C0076AD56 /* OTPViewTextField.swift in Sources */,
				096A400629CC2D5800092AAC /* customLodingIndicator.swift in Sources */,
				09A6F6DC29CDB96C00689E9F /* BaseAPI.swift in Sources */,
				09DE74C029D56D01001B105A /* RoomTypeQuardView.swift in Sources */,
				0931A90C29D7F69D00F6A209 /* SubmitEnrollmentViewModel.swift in Sources */,
				09C3810B29DA8A52006D82C9 /* BookingSubmitProcessView.swift in Sources */,
				096A400329CC2D5800092AAC /* HideKeyboard.swift in Sources */,
				098A04DE29D43BC300C9595A /* MaterialDesignTextFieldDOB.swift in Sources */,
				09CC312629CC71940048BFF5 /* LottieView.swift in Sources */,
				09CC311E29CC6B7F0048BFF5 /* LoadingView.swift in Sources */,
				098A04E629D4617000C9595A /* DetailsViewBottom.swift in Sources */,
				099490CD29DA9CAA002FA2C0 /* BookingPayProcessView.swift in Sources */,
				09B7A1CA29D8129800EC72EF /* SubmitMedicalViewModel.swift in Sources */,
				095AD00929DAF01E000CABA8 /* SubmitRoomTypeViewModel.swift in Sources */,
				093BB15829DAEB530019C91F /* PaymentMethod11Month.swift in Sources */,
				09A33B6129CC1D3C00C01D65 /* Upgrad_LivingApp.swift in Sources */,
			);
			runOnlyForDeploymentPostprocessing = 0;
		};
/* End PBXSourcesBuildPhase section */

/* Begin XCBuildConfiguration section */
		09A33B6929CC1D4200C01D65 /* Debug */ = {
			isa = XCBuildConfiguration;
			buildSettings = {
				ALWAYS_SEARCH_USER_PATHS = NO;
				CLANG_ANALYZER_NONNULL = YES;
				CLANG_ANALYZER_NUMBER_OBJECT_CONVERSION = YES_AGGRESSIVE;
				CLANG_CXX_LANGUAGE_STANDARD = "gnu++20";
				CLANG_ENABLE_MODULES = YES;
				CLANG_ENABLE_OBJC_ARC = YES;
				CLANG_ENABLE_OBJC_WEAK = YES;
				CLANG_WARN_BLOCK_CAPTURE_AUTORELEASING = YES;
				CLANG_WARN_BOOL_CONVERSION = YES;
				CLANG_WARN_COMMA = YES;
				CLANG_WARN_CONSTANT_CONVERSION = YES;
				CLANG_WARN_DEPRECATED_OBJC_IMPLEMENTATIONS = YES;
				CLANG_WARN_DIRECT_OBJC_ISA_USAGE = YES_ERROR;
				CLANG_WARN_DOCUMENTATION_COMMENTS = YES;
				CLANG_WARN_EMPTY_BODY = YES;
				CLANG_WARN_ENUM_CONVERSION = YES;
				CLANG_WARN_INFINITE_RECURSION = YES;
				CLANG_WARN_INT_CONVERSION = YES;
				CLANG_WARN_NON_LITERAL_NULL_CONVERSION = YES;
				CLANG_WARN_OBJC_IMPLICIT_RETAIN_SELF = YES;
				CLANG_WARN_OBJC_LITERAL_CONVERSION = YES;
				CLANG_WARN_OBJC_ROOT_CLASS = YES_ERROR;
				CLANG_WARN_QUOTED_INCLUDE_IN_FRAMEWORK_HEADER = YES;
				CLANG_WARN_RANGE_LOOP_ANALYSIS = YES;
				CLANG_WARN_STRICT_PROTOTYPES = YES;
				CLANG_WARN_SUSPICIOUS_MOVE = YES;
				CLANG_WARN_UNGUARDED_AVAILABILITY = YES_AGGRESSIVE;
				CLANG_WARN_UNREACHABLE_CODE = YES;
				CLANG_WARN__DUPLICATE_METHOD_MATCH = YES;
				COPY_PHASE_STRIP = NO;
				DEBUG_INFORMATION_FORMAT = dwarf;
				ENABLE_STRICT_OBJC_MSGSEND = YES;
				ENABLE_TESTABILITY = YES;
				GCC_C_LANGUAGE_STANDARD = gnu11;
				GCC_DYNAMIC_NO_PIC = NO;
				GCC_NO_COMMON_BLOCKS = YES;
				GCC_OPTIMIZATION_LEVEL = 0;
				GCC_PREPROCESSOR_DEFINITIONS = (
					"DEBUG=1",
					"$(inherited)",
				);
				GCC_WARN_64_TO_32_BIT_CONVERSION = YES;
				GCC_WARN_ABOUT_RETURN_TYPE = YES_ERROR;
				GCC_WARN_UNDECLARED_SELECTOR = YES;
				GCC_WARN_UNINITIALIZED_AUTOS = YES_AGGRESSIVE;
				GCC_WARN_UNUSED_FUNCTION = YES;
				GCC_WARN_UNUSED_VARIABLE = YES;
				IPHONEOS_DEPLOYMENT_TARGET = 16.0;
				MTL_ENABLE_DEBUG_INFO = INCLUDE_SOURCE;
				MTL_FAST_MATH = YES;
				ONLY_ACTIVE_ARCH = YES;
				SDKROOT = iphoneos;
				SWIFT_ACTIVE_COMPILATION_CONDITIONS = DEBUG;
				SWIFT_OPTIMIZATION_LEVEL = "-Onone";
			};
			name = Debug;
		};
		09A33B6A29CC1D4200C01D65 /* Release */ = {
			isa = XCBuildConfiguration;
			buildSettings = {
				ALWAYS_SEARCH_USER_PATHS = NO;
				CLANG_ANALYZER_NONNULL = YES;
				CLANG_ANALYZER_NUMBER_OBJECT_CONVERSION = YES_AGGRESSIVE;
				CLANG_CXX_LANGUAGE_STANDARD = "gnu++20";
				CLANG_ENABLE_MODULES = YES;
				CLANG_ENABLE_OBJC_ARC = YES;
				CLANG_ENABLE_OBJC_WEAK = YES;
				CLANG_WARN_BLOCK_CAPTURE_AUTORELEASING = YES;
				CLANG_WARN_BOOL_CONVERSION = YES;
				CLANG_WARN_COMMA = YES;
				CLANG_WARN_CONSTANT_CONVERSION = YES;
				CLANG_WARN_DEPRECATED_OBJC_IMPLEMENTATIONS = YES;
				CLANG_WARN_DIRECT_OBJC_ISA_USAGE = YES_ERROR;
				CLANG_WARN_DOCUMENTATION_COMMENTS = YES;
				CLANG_WARN_EMPTY_BODY = YES;
				CLANG_WARN_ENUM_CONVERSION = YES;
				CLANG_WARN_INFINITE_RECURSION = YES;
				CLANG_WARN_INT_CONVERSION = YES;
				CLANG_WARN_NON_LITERAL_NULL_CONVERSION = YES;
				CLANG_WARN_OBJC_IMPLICIT_RETAIN_SELF = YES;
				CLANG_WARN_OBJC_LITERAL_CONVERSION = YES;
				CLANG_WARN_OBJC_ROOT_CLASS = YES_ERROR;
				CLANG_WARN_QUOTED_INCLUDE_IN_FRAMEWORK_HEADER = YES;
				CLANG_WARN_RANGE_LOOP_ANALYSIS = YES;
				CLANG_WARN_STRICT_PROTOTYPES = YES;
				CLANG_WARN_SUSPICIOUS_MOVE = YES;
				CLANG_WARN_UNGUARDED_AVAILABILITY = YES_AGGRESSIVE;
				CLANG_WARN_UNREACHABLE_CODE = YES;
				CLANG_WARN__DUPLICATE_METHOD_MATCH = YES;
				COPY_PHASE_STRIP = NO;
				DEBUG_INFORMATION_FORMAT = "dwarf-with-dsym";
				ENABLE_NS_ASSERTIONS = NO;
				ENABLE_STRICT_OBJC_MSGSEND = YES;
				GCC_C_LANGUAGE_STANDARD = gnu11;
				GCC_NO_COMMON_BLOCKS = YES;
				GCC_WARN_64_TO_32_BIT_CONVERSION = YES;
				GCC_WARN_ABOUT_RETURN_TYPE = YES_ERROR;
				GCC_WARN_UNDECLARED_SELECTOR = YES;
				GCC_WARN_UNINITIALIZED_AUTOS = YES_AGGRESSIVE;
				GCC_WARN_UNUSED_FUNCTION = YES;
				GCC_WARN_UNUSED_VARIABLE = YES;
				IPHONEOS_DEPLOYMENT_TARGET = 16.0;
				MTL_ENABLE_DEBUG_INFO = NO;
				MTL_FAST_MATH = YES;
				SDKROOT = iphoneos;
				SWIFT_COMPILATION_MODE = wholemodule;
				SWIFT_OPTIMIZATION_LEVEL = "-O";
				VALIDATE_PRODUCT = YES;
			};
			name = Release;
		};
		09A33B6C29CC1D4200C01D65 /* Debug */ = {
			isa = XCBuildConfiguration;
			baseConfigurationReference = DE0620C48538023C275F94CA /* Pods-Upgrad Living.debug.xcconfig */;
			buildSettings = {
				ASSETCATALOG_COMPILER_APPICON_NAME = AppIcon;
				ASSETCATALOG_COMPILER_GLOBAL_ACCENT_COLOR_NAME = AccentColor;
				CODE_SIGN_STYLE = Automatic;
				CURRENT_PROJECT_VERSION = 1;
				DEVELOPMENT_ASSET_PATHS = "\"Upgrad Living/Preview Content\"";
				DEVELOPMENT_TEAM = 6NK7S2PWH2;
				ENABLE_PREVIEWS = YES;
				GENERATE_INFOPLIST_FILE = YES;
				INFOPLIST_FILE = "Upgrad-Living-Info.plist";
				INFOPLIST_KEY_UIApplicationSceneManifest_Generation = YES;
				INFOPLIST_KEY_UIApplicationSupportsIndirectInputEvents = YES;
				INFOPLIST_KEY_UIStatusBarHidden = YES;
				INFOPLIST_KEY_UISupportedInterfaceOrientations = UIInterfaceOrientationPortrait;
				INFOPLIST_KEY_UISupportedInterfaceOrientations_iPad = "UIInterfaceOrientationLandscapeLeft UIInterfaceOrientationLandscapeRight UIInterfaceOrientationPortrait UIInterfaceOrientationPortraitUpsideDown";
				IPHONEOS_DEPLOYMENT_TARGET = 15.0;
				LD_RUNPATH_SEARCH_PATHS = (
					"$(inherited)",
					"@executable_path/Frameworks",
				);
				MARKETING_VERSION = 1.0;
				PRODUCT_BUNDLE_IDENTIFIER = "com.Atlas.Upgrad-Living";
				PRODUCT_NAME = "$(TARGET_NAME)";
				SUPPORTED_PLATFORMS = "iphoneos iphonesimulator";
				SUPPORTS_MACCATALYST = NO;
				SUPPORTS_MAC_DESIGNED_FOR_IPHONE_IPAD = NO;
				SWIFT_EMIT_LOC_STRINGS = YES;
				SWIFT_VERSION = 5.0;
				TARGETED_DEVICE_FAMILY = 1;
			};
			name = Debug;
		};
		09A33B6D29CC1D4200C01D65 /* Release */ = {
			isa = XCBuildConfiguration;
			baseConfigurationReference = 9C3DD8EBA0C63FEA03A808A5 /* Pods-Upgrad Living.release.xcconfig */;
			buildSettings = {
				ASSETCATALOG_COMPILER_APPICON_NAME = AppIcon;
				ASSETCATALOG_COMPILER_GLOBAL_ACCENT_COLOR_NAME = AccentColor;
				CODE_SIGN_STYLE = Automatic;
				CURRENT_PROJECT_VERSION = 1;
				DEVELOPMENT_ASSET_PATHS = "\"Upgrad Living/Preview Content\"";
				DEVELOPMENT_TEAM = 6NK7S2PWH2;
				ENABLE_PREVIEWS = YES;
				GENERATE_INFOPLIST_FILE = YES;
				INFOPLIST_FILE = "Upgrad-Living-Info.plist";
				INFOPLIST_KEY_UIApplicationSceneManifest_Generation = YES;
				INFOPLIST_KEY_UIApplicationSupportsIndirectInputEvents = YES;
				INFOPLIST_KEY_UIStatusBarHidden = YES;
				INFOPLIST_KEY_UISupportedInterfaceOrientations = UIInterfaceOrientationPortrait;
				INFOPLIST_KEY_UISupportedInterfaceOrientations_iPad = "UIInterfaceOrientationLandscapeLeft UIInterfaceOrientationLandscapeRight UIInterfaceOrientationPortrait UIInterfaceOrientationPortraitUpsideDown";
				IPHONEOS_DEPLOYMENT_TARGET = 15.0;
				LD_RUNPATH_SEARCH_PATHS = (
					"$(inherited)",
					"@executable_path/Frameworks",
				);
				MARKETING_VERSION = 1.0;
				PRODUCT_BUNDLE_IDENTIFIER = "com.Atlas.Upgrad-Living";
				PRODUCT_NAME = "$(TARGET_NAME)";
				SUPPORTED_PLATFORMS = "iphoneos iphonesimulator";
				SUPPORTS_MACCATALYST = NO;
				SUPPORTS_MAC_DESIGNED_FOR_IPHONE_IPAD = NO;
				SWIFT_EMIT_LOC_STRINGS = YES;
				SWIFT_VERSION = 5.0;
				TARGETED_DEVICE_FAMILY = 1;
			};
			name = Release;
		};
/* End XCBuildConfiguration section */

/* Begin XCConfigurationList section */
		09A33B5829CC1D3C00C01D65 /* Build configuration list for PBXProject "Upgrad Living" */ = {
			isa = XCConfigurationList;
			buildConfigurations = (
				09A33B6929CC1D4200C01D65 /* Debug */,
				09A33B6A29CC1D4200C01D65 /* Release */,
			);
			defaultConfigurationIsVisible = 0;
			defaultConfigurationName = Release;
		};
		09A33B6B29CC1D4200C01D65 /* Build configuration list for PBXNativeTarget "Upgrad Living" */ = {
			isa = XCConfigurationList;
			buildConfigurations = (
				09A33B6C29CC1D4200C01D65 /* Debug */,
				09A33B6D29CC1D4200C01D65 /* Release */,
			);
			defaultConfigurationIsVisible = 0;
			defaultConfigurationName = Release;
		};
/* End XCConfigurationList section */
	};
	rootObject = 09A33B5529CC1D3C00C01D65 /* Project object */;
}
